// !$*UTF8*$!
{
	archiveVersion = 1;
	classes = {
	};
	objectVersion = 46;
	objects = {

/* Begin PBXBuildFile section */
		71C24D9ACB05CB9C729CA201 /* Pods_TraderMathTest.framework in Frameworks */ = {isa = PBXBuildFile; fileRef = 3EFD98C5F23E4CB9C67AAD8E /* Pods_TraderMathTest.framework */; };
		818520681CF3ED3C00063BFC /* Info.swift in Sources */ = {isa = PBXBuildFile; fileRef = 818520671CF3ED3C00063BFC /* Info.swift */; };
		8199DF481E341A68006E95CE /* GoogleService-Info.plist in Resources */ = {isa = PBXBuildFile; fileRef = 8199DF471E341A68006E95CE /* GoogleService-Info.plist */; };
		81A4C8031CFBBE63007D4C3C /* hardmath.txt in Resources */ = {isa = PBXBuildFile; fileRef = 81A4C8011CFBBE63007D4C3C /* hardmath.txt */; };
		81A4C8041CFBBE63007D4C3C /* mediummath.txt in Resources */ = {isa = PBXBuildFile; fileRef = 81A4C8021CFBBE63007D4C3C /* mediummath.txt */; };
		81A4C8141CFDE4AD007D4C3C /* StringExtension.swift in Sources */ = {isa = PBXBuildFile; fileRef = 81A4C8121CFDE4AD007D4C3C /* StringExtension.swift */; };
		81A4C81E1CFE73CE007D4C3C /* easysequence.txt in Resources */ = {isa = PBXBuildFile; fileRef = 81A4C81B1CFE73CE007D4C3C /* easysequence.txt */; };
		81A4C81F1CFE73CE007D4C3C /* hardsequence.txt in Resources */ = {isa = PBXBuildFile; fileRef = 81A4C81C1CFE73CE007D4C3C /* hardsequence.txt */; };
		81A4C8201CFE73CE007D4C3C /* mediumsequence.txt in Resources */ = {isa = PBXBuildFile; fileRef = 81A4C81D1CFE73CE007D4C3C /* mediumsequence.txt */; };
		81A89F131CEB995600B2838A /* AppDelegate.swift in Sources */ = {isa = PBXBuildFile; fileRef = 81A89F121CEB995600B2838A /* AppDelegate.swift */; };
		81A89F151CEB995600B2838A /* MainVC.swift in Sources */ = {isa = PBXBuildFile; fileRef = 81A89F141CEB995600B2838A /* MainVC.swift */; };
		81A89F181CEB995600B2838A /* Main-Legacy.storyboard in Resources */ = {isa = PBXBuildFile; fileRef = 81A89F161CEB995600B2838A /* Main-Legacy.storyboard */; };
		81A89F291CEB995600B2838A /* TraderMathTestTests.swift in Sources */ = {isa = PBXBuildFile; fileRef = 81A89F281CEB995600B2838A /* TraderMathTestTests.swift */; };
		81AA522D1CF5ED820078D58B /* Question.swift in Sources */ = {isa = PBXBuildFile; fileRef = 81AA522C1CF5ED820078D58B /* Question.swift */; };
		81EF87151D10E2310038A38C /* data.db in Resources */ = {isa = PBXBuildFile; fileRef = 81EF87141D10E2310038A38C /* data.db */; };
		81EF87171D110A090038A38C /* easymath.txt in Resources */ = {isa = PBXBuildFile; fileRef = 81EF87161D110A090038A38C /* easymath.txt */; };
		DB2BEC8A292697F0009A23B3 /* FinishTestVC.swift in Sources */ = {isa = PBXBuildFile; fileRef = DB2BEC89292697F0009A23B3 /* FinishTestVC.swift */; };
		DB34646D2962CB57007E07EE /* ChartLabel.swift in Sources */ = {isa = PBXBuildFile; fileRef = DB34645F2962CB57007E07EE /* ChartLabel.swift */; };
		DB34646E2962CB57007E07EE /* LimitLabel.swift in Sources */ = {isa = PBXBuildFile; fileRef = DB3464602962CB57007E07EE /* LimitLabel.swift */; };
		DB34646F2962CB57007E07EE /* BarParentControl.swift in Sources */ = {isa = PBXBuildFile; fileRef = DB3464622962CB57007E07EE /* BarParentControl.swift */; };
		DB3464702962CB57007E07EE /* UIViewPreview.swift in Sources */ = {isa = PBXBuildFile; fileRef = DB3464642962CB57007E07EE /* UIViewPreview.swift */; };
		DB3464712962CB57007E07EE /* DashedView.swift in Sources */ = {isa = PBXBuildFile; fileRef = DB3464662962CB57007E07EE /* DashedView.swift */; };
		DB3464722962CB57007E07EE /* LimitView.swift in Sources */ = {isa = PBXBuildFile; fileRef = DB3464672962CB57007E07EE /* LimitView.swift */; };
		DB3464732962CB57007E07EE /* BarChartView.swift in Sources */ = {isa = PBXBuildFile; fileRef = DB3464682962CB57007E07EE /* BarChartView.swift */; };
		DB3464742962CB57007E07EE /* Array+Extension.swift in Sources */ = {isa = PBXBuildFile; fileRef = DB34646A2962CB57007E07EE /* Array+Extension.swift */; };
		DB3464752962CB57007E07EE /* BarChart.swift in Sources */ = {isa = PBXBuildFile; fileRef = DB34646C2962CB57007E07EE /* BarChart.swift */; };
		DB3ADF11291F88E10040A3C9 /* AssetsExtension.swift in Sources */ = {isa = PBXBuildFile; fileRef = DB3ADF10291F88E10040A3C9 /* AssetsExtension.swift */; };
		DB3DEB7C295A0E3E0063E2A6 /* TMSegmentControl.swift in Sources */ = {isa = PBXBuildFile; fileRef = DB3DEB7B295A0E3E0063E2A6 /* TMSegmentControl.swift */; };
		DB9682D52923894C00E72766 /* MathTestVC.swift in Sources */ = {isa = PBXBuildFile; fileRef = DB9682D42923894C00E72766 /* MathTestVC.swift */; };
		DB9C9D4C2891519900216347 /* Assets.xcassets in Resources */ = {isa = PBXBuildFile; fileRef = DB9C9D4B2891519900216347 /* Assets.xcassets */; };
		DB9C9D4E289151C300216347 /* LaunchScreen.storyboard in Resources */ = {isa = PBXBuildFile; fileRef = DB9C9D4D289151C300216347 /* LaunchScreen.storyboard */; };
		DB9C9D522891563B00216347 /* libsqlite3.0.tbd in Frameworks */ = {isa = PBXBuildFile; fileRef = DB9C9D512891563B00216347 /* libsqlite3.0.tbd */; };
		DB9C9D5728915B6800216347 /* DBTable.swift in Sources */ = {isa = PBXBuildFile; fileRef = DB9C9D5528915B6800216347 /* DBTable.swift */; };
		DB9C9D5828915B6800216347 /* DBManager.swift in Sources */ = {isa = PBXBuildFile; fileRef = DB9C9D5628915B6800216347 /* DBManager.swift */; };
		DBB8D01C28914A2B006FC66C /* SQLTable.swift in Sources */ = {isa = PBXBuildFile; fileRef = DBB8D01928914A2B006FC66C /* SQLTable.swift */; };
		DBB8D01D28914A2B006FC66C /* SQLiteBase.swift in Sources */ = {isa = PBXBuildFile; fileRef = DBB8D01A28914A2B006FC66C /* SQLiteBase.swift */; };
		DBB8D01E28914A2B006FC66C /* SQLiteDB.swift in Sources */ = {isa = PBXBuildFile; fileRef = DBB8D01B28914A2B006FC66C /* SQLiteDB.swift */; };
		DBB8D02228914A8D006FC66C /* CloudDB.swift in Sources */ = {isa = PBXBuildFile; fileRef = DBB8D02128914A8D006FC66C /* CloudDB.swift */; };
		DBD6F510291CB1AD00759726 /* Main.storyboard in Resources */ = {isa = PBXBuildFile; fileRef = DBD6F50F291CB1AD00759726 /* Main.storyboard */; };
		DBD6F512291CD9D500759726 /* ColorAssets.xcassets in Resources */ = {isa = PBXBuildFile; fileRef = DBD6F511291CD9D500759726 /* ColorAssets.xcassets */; };
		DBD6F516291CE20100759726 /* Inter-Regular.ttf in Resources */ = {isa = PBXBuildFile; fileRef = DBD6F515291CE20100759726 /* Inter-Regular.ttf */; };
		DBD6F518291CE2B100759726 /* FontExtension.swift in Sources */ = {isa = PBXBuildFile; fileRef = DBD6F517291CE2B100759726 /* FontExtension.swift */; };
		DBD6F51A291CE2EF00759726 /* Inter-Bold.ttf in Resources */ = {isa = PBXBuildFile; fileRef = DBD6F519291CE2EF00759726 /* Inter-Bold.ttf */; };
		DBD6F51C291CE9C300759726 /* Inter-Medium.ttf in Resources */ = {isa = PBXBuildFile; fileRef = DBD6F51B291CE9C300759726 /* Inter-Medium.ttf */; };
		DBD6F51E291CED9B00759726 /* ViewExtension.swift in Sources */ = {isa = PBXBuildFile; fileRef = DBD6F51D291CED9B00759726 /* ViewExtension.swift */; };
		DBDD48AA292370CF00F120FC /* BaseVC.swift in Sources */ = {isa = PBXBuildFile; fileRef = DBDD48A9292370CF00F120FC /* BaseVC.swift */; };
		DBE779A62929E612000ADD51 /* HighScoreCell.swift in Sources */ = {isa = PBXBuildFile; fileRef = DBE779A42929E612000ADD51 /* HighScoreCell.swift */; };
		DBE779A72929E612000ADD51 /* HighScoreCell.xib in Resources */ = {isa = PBXBuildFile; fileRef = DBE779A52929E612000ADD51 /* HighScoreCell.xib */; };
		DBE779AB292A05F1000ADD51 /* LeaderboardVC.swift in Sources */ = {isa = PBXBuildFile; fileRef = DBE779AA292A05F1000ADD51 /* LeaderboardVC.swift */; };
/* End PBXBuildFile section */

/* Begin PBXContainerItemProxy section */
		81A89F231CEB995600B2838A /* PBXContainerItemProxy */ = {
			isa = PBXContainerItemProxy;
			containerPortal = 81A89F051CEB995600B2838A /* Project object */;
			proxyType = 1;
			remoteGlobalIDString = 81A89F0C1CEB995600B2838A;
			remoteInfo = TraderMathTest;
		};
/* End PBXContainerItemProxy section */

/* Begin PBXFileReference section */
		3EFD98C5F23E4CB9C67AAD8E /* Pods_TraderMathTest.framework */ = {isa = PBXFileReference; explicitFileType = wrapper.framework; includeInIndex = 0; path = Pods_TraderMathTest.framework; sourceTree = BUILT_PRODUCTS_DIR; };
		49E58C782817E80F9C5507C7 /* Pods-TraderMathTest.debug.xcconfig */ = {isa = PBXFileReference; includeInIndex = 1; lastKnownFileType = text.xcconfig; name = "Pods-TraderMathTest.debug.xcconfig"; path = "Target Support Files/Pods-TraderMathTest/Pods-TraderMathTest.debug.xcconfig"; sourceTree = "<group>"; };
		818520671CF3ED3C00063BFC /* Info.swift */ = {isa = PBXFileReference; fileEncoding = 4; lastKnownFileType = sourcecode.swift; path = Info.swift; sourceTree = "<group>"; };
		8199DF471E341A68006E95CE /* GoogleService-Info.plist */ = {isa = PBXFileReference; fileEncoding = 4; lastKnownFileType = text.plist.xml; path = "GoogleService-Info.plist"; sourceTree = "<group>"; };
		81A4C8011CFBBE63007D4C3C /* hardmath.txt */ = {isa = PBXFileReference; fileEncoding = 4; lastKnownFileType = text; name = hardmath.txt; path = "question-bank/hardmath.txt"; sourceTree = "<group>"; };
		81A4C8021CFBBE63007D4C3C /* mediummath.txt */ = {isa = PBXFileReference; fileEncoding = 4; lastKnownFileType = text; name = mediummath.txt; path = "question-bank/mediummath.txt"; sourceTree = "<group>"; };
		81A4C8101CFDE4AD007D4C3C /* Bridging-Header.h */ = {isa = PBXFileReference; fileEncoding = 4; lastKnownFileType = sourcecode.c.h; path = "Bridging-Header.h"; sourceTree = "<group>"; };
		81A4C8121CFDE4AD007D4C3C /* StringExtension.swift */ = {isa = PBXFileReference; fileEncoding = 4; lastKnownFileType = sourcecode.swift; path = StringExtension.swift; sourceTree = "<group>"; };
		81A4C81B1CFE73CE007D4C3C /* easysequence.txt */ = {isa = PBXFileReference; fileEncoding = 4; lastKnownFileType = text; name = easysequence.txt; path = "question-bank/easysequence.txt"; sourceTree = "<group>"; };
		81A4C81C1CFE73CE007D4C3C /* hardsequence.txt */ = {isa = PBXFileReference; fileEncoding = 4; lastKnownFileType = text; name = hardsequence.txt; path = "question-bank/hardsequence.txt"; sourceTree = "<group>"; };
		81A4C81D1CFE73CE007D4C3C /* mediumsequence.txt */ = {isa = PBXFileReference; fileEncoding = 4; lastKnownFileType = text; name = mediumsequence.txt; path = "question-bank/mediumsequence.txt"; sourceTree = "<group>"; };
		81A89F0D1CEB995600B2838A /* TraderMathTest.app */ = {isa = PBXFileReference; explicitFileType = wrapper.application; includeInIndex = 0; path = TraderMathTest.app; sourceTree = BUILT_PRODUCTS_DIR; };
		81A89F111CEB995600B2838A /* Info.plist */ = {isa = PBXFileReference; lastKnownFileType = text.plist.xml; path = Info.plist; sourceTree = "<group>"; };
		81A89F121CEB995600B2838A /* AppDelegate.swift */ = {isa = PBXFileReference; lastKnownFileType = sourcecode.swift; path = AppDelegate.swift; sourceTree = "<group>"; };
		81A89F141CEB995600B2838A /* MainVC.swift */ = {isa = PBXFileReference; lastKnownFileType = sourcecode.swift; path = MainVC.swift; sourceTree = "<group>"; };
		81A89F171CEB995600B2838A /* Base */ = {isa = PBXFileReference; lastKnownFileType = file.storyboard; name = Base; path = "Base.lproj/Main-Legacy.storyboard"; sourceTree = "<group>"; };
		81A89F221CEB995600B2838A /* TraderMathTestTests.xctest */ = {isa = PBXFileReference; explicitFileType = wrapper.cfbundle; includeInIndex = 0; path = TraderMathTestTests.xctest; sourceTree = BUILT_PRODUCTS_DIR; };
		81A89F271CEB995600B2838A /* Info.plist */ = {isa = PBXFileReference; lastKnownFileType = text.plist.xml; path = Info.plist; sourceTree = "<group>"; };
		81A89F281CEB995600B2838A /* TraderMathTestTests.swift */ = {isa = PBXFileReference; lastKnownFileType = sourcecode.swift; path = TraderMathTestTests.swift; sourceTree = "<group>"; };
		81AA522C1CF5ED820078D58B /* Question.swift */ = {isa = PBXFileReference; fileEncoding = 4; lastKnownFileType = sourcecode.swift; path = Question.swift; sourceTree = "<group>"; };
		81EF87141D10E2310038A38C /* data.db */ = {isa = PBXFileReference; lastKnownFileType = file; path = data.db; sourceTree = "<group>"; };
		81EF87161D110A090038A38C /* easymath.txt */ = {isa = PBXFileReference; fileEncoding = 4; lastKnownFileType = text; name = easymath.txt; path = "question-bank/easymath.txt"; sourceTree = "<group>"; };
		DB2BEC89292697F0009A23B3 /* FinishTestVC.swift */ = {isa = PBXFileReference; lastKnownFileType = sourcecode.swift; path = FinishTestVC.swift; sourceTree = "<group>"; };
		DB34645F2962CB57007E07EE /* ChartLabel.swift */ = {isa = PBXFileReference; fileEncoding = 4; lastKnownFileType = sourcecode.swift; path = ChartLabel.swift; sourceTree = "<group>"; };
		DB3464602962CB57007E07EE /* LimitLabel.swift */ = {isa = PBXFileReference; fileEncoding = 4; lastKnownFileType = sourcecode.swift; path = LimitLabel.swift; sourceTree = "<group>"; };
		DB3464622962CB57007E07EE /* BarParentControl.swift */ = {isa = PBXFileReference; fileEncoding = 4; lastKnownFileType = sourcecode.swift; path = BarParentControl.swift; sourceTree = "<group>"; };
		DB3464642962CB57007E07EE /* UIViewPreview.swift */ = {isa = PBXFileReference; fileEncoding = 4; lastKnownFileType = sourcecode.swift; path = UIViewPreview.swift; sourceTree = "<group>"; };
		DB3464662962CB57007E07EE /* DashedView.swift */ = {isa = PBXFileReference; fileEncoding = 4; lastKnownFileType = sourcecode.swift; path = DashedView.swift; sourceTree = "<group>"; };
		DB3464672962CB57007E07EE /* LimitView.swift */ = {isa = PBXFileReference; fileEncoding = 4; lastKnownFileType = sourcecode.swift; path = LimitView.swift; sourceTree = "<group>"; };
		DB3464682962CB57007E07EE /* BarChartView.swift */ = {isa = PBXFileReference; fileEncoding = 4; lastKnownFileType = sourcecode.swift; path = BarChartView.swift; sourceTree = "<group>"; };
		DB34646A2962CB57007E07EE /* Array+Extension.swift */ = {isa = PBXFileReference; fileEncoding = 4; lastKnownFileType = sourcecode.swift; path = "Array+Extension.swift"; sourceTree = "<group>"; };
		DB34646C2962CB57007E07EE /* BarChart.swift */ = {isa = PBXFileReference; fileEncoding = 4; lastKnownFileType = sourcecode.swift; path = BarChart.swift; sourceTree = "<group>"; };
		DB3ADF10291F88E10040A3C9 /* AssetsExtension.swift */ = {isa = PBXFileReference; lastKnownFileType = sourcecode.swift; path = AssetsExtension.swift; sourceTree = "<group>"; };
		DB3DEB7B295A0E3E0063E2A6 /* TMSegmentControl.swift */ = {isa = PBXFileReference; lastKnownFileType = sourcecode.swift; path = TMSegmentControl.swift; sourceTree = "<group>"; };
		DB9682D42923894C00E72766 /* MathTestVC.swift */ = {isa = PBXFileReference; lastKnownFileType = sourcecode.swift; path = MathTestVC.swift; sourceTree = "<group>"; };
		DB9C9D4B2891519900216347 /* Assets.xcassets */ = {isa = PBXFileReference; lastKnownFileType = folder.assetcatalog; path = Assets.xcassets; sourceTree = "<group>"; };
		DB9C9D4D289151C300216347 /* LaunchScreen.storyboard */ = {isa = PBXFileReference; lastKnownFileType = file.storyboard; path = LaunchScreen.storyboard; sourceTree = "<group>"; };
		DB9C9D512891563B00216347 /* libsqlite3.0.tbd */ = {isa = PBXFileReference; lastKnownFileType = "sourcecode.text-based-dylib-definition"; name = libsqlite3.0.tbd; path = usr/lib/libsqlite3.0.tbd; sourceTree = SDKROOT; };
		DB9C9D5528915B6800216347 /* DBTable.swift */ = {isa = PBXFileReference; fileEncoding = 4; lastKnownFileType = sourcecode.swift; path = DBTable.swift; sourceTree = "<group>"; };
		DB9C9D5628915B6800216347 /* DBManager.swift */ = {isa = PBXFileReference; fileEncoding = 4; lastKnownFileType = sourcecode.swift; path = DBManager.swift; sourceTree = "<group>"; };
		DBB8D01928914A2B006FC66C /* SQLTable.swift */ = {isa = PBXFileReference; fileEncoding = 4; lastKnownFileType = sourcecode.swift; path = SQLTable.swift; sourceTree = "<group>"; };
		DBB8D01A28914A2B006FC66C /* SQLiteBase.swift */ = {isa = PBXFileReference; fileEncoding = 4; lastKnownFileType = sourcecode.swift; path = SQLiteBase.swift; sourceTree = "<group>"; };
		DBB8D01B28914A2B006FC66C /* SQLiteDB.swift */ = {isa = PBXFileReference; fileEncoding = 4; lastKnownFileType = sourcecode.swift; path = SQLiteDB.swift; sourceTree = "<group>"; };
		DBB8D02128914A8D006FC66C /* CloudDB.swift */ = {isa = PBXFileReference; fileEncoding = 4; lastKnownFileType = sourcecode.swift; path = CloudDB.swift; sourceTree = "<group>"; };
		DBD6F50F291CB1AD00759726 /* Main.storyboard */ = {isa = PBXFileReference; lastKnownFileType = file.storyboard; path = Main.storyboard; sourceTree = "<group>"; };
		DBD6F511291CD9D500759726 /* ColorAssets.xcassets */ = {isa = PBXFileReference; lastKnownFileType = folder.assetcatalog; path = ColorAssets.xcassets; sourceTree = "<group>"; };
		DBD6F515291CE20100759726 /* Inter-Regular.ttf */ = {isa = PBXFileReference; lastKnownFileType = file; path = "Inter-Regular.ttf"; sourceTree = "<group>"; };
		DBD6F517291CE2B100759726 /* FontExtension.swift */ = {isa = PBXFileReference; lastKnownFileType = sourcecode.swift; path = FontExtension.swift; sourceTree = "<group>"; };
		DBD6F519291CE2EF00759726 /* Inter-Bold.ttf */ = {isa = PBXFileReference; lastKnownFileType = file; path = "Inter-Bold.ttf"; sourceTree = "<group>"; };
		DBD6F51B291CE9C300759726 /* Inter-Medium.ttf */ = {isa = PBXFileReference; lastKnownFileType = file; path = "Inter-Medium.ttf"; sourceTree = "<group>"; };
		DBD6F51D291CED9B00759726 /* ViewExtension.swift */ = {isa = PBXFileReference; lastKnownFileType = sourcecode.swift; path = ViewExtension.swift; sourceTree = "<group>"; };
		DBDD48A9292370CF00F120FC /* BaseVC.swift */ = {isa = PBXFileReference; lastKnownFileType = sourcecode.swift; path = BaseVC.swift; sourceTree = "<group>"; };
		DBE779A42929E612000ADD51 /* HighScoreCell.swift */ = {isa = PBXFileReference; lastKnownFileType = sourcecode.swift; path = HighScoreCell.swift; sourceTree = "<group>"; };
		DBE779A52929E612000ADD51 /* HighScoreCell.xib */ = {isa = PBXFileReference; lastKnownFileType = file.xib; path = HighScoreCell.xib; sourceTree = "<group>"; };
		DBE779AA292A05F1000ADD51 /* LeaderboardVC.swift */ = {isa = PBXFileReference; lastKnownFileType = sourcecode.swift; path = LeaderboardVC.swift; sourceTree = "<group>"; };
		DBECA42728B89BD00054FFB1 /* TraderMathTestRelease.entitlements */ = {isa = PBXFileReference; lastKnownFileType = text.plist.entitlements; path = TraderMathTestRelease.entitlements; sourceTree = "<group>"; };
		DBECA42828B89BDC0054FFB1 /* TraderMathTestDebug.entitlements */ = {isa = PBXFileReference; lastKnownFileType = text.plist.entitlements; path = TraderMathTestDebug.entitlements; sourceTree = "<group>"; };
		F090790E9D11CC1C967E1F8E /* Pods-TraderMathTest.release.xcconfig */ = {isa = PBXFileReference; includeInIndex = 1; lastKnownFileType = text.xcconfig; name = "Pods-TraderMathTest.release.xcconfig"; path = "Target Support Files/Pods-TraderMathTest/Pods-TraderMathTest.release.xcconfig"; sourceTree = "<group>"; };
/* End PBXFileReference section */

/* Begin PBXFrameworksBuildPhase section */
		81A89F0A1CEB995600B2838A /* Frameworks */ = {
			isa = PBXFrameworksBuildPhase;
			buildActionMask = 2147483647;
			files = (
				71C24D9ACB05CB9C729CA201 /* Pods_TraderMathTest.framework in Frameworks */,
				DB9C9D522891563B00216347 /* libsqlite3.0.tbd in Frameworks */,
			);
			runOnlyForDeploymentPostprocessing = 0;
		};
		81A89F1F1CEB995600B2838A /* Frameworks */ = {
			isa = PBXFrameworksBuildPhase;
			buildActionMask = 2147483647;
			files = (
			);
			runOnlyForDeploymentPostprocessing = 0;
		};
/* End PBXFrameworksBuildPhase section */

/* Begin PBXGroup section */
		548E903E1CD083F35AEA1952 /* Pods */ = {
			isa = PBXGroup;
			children = (
				49E58C782817E80F9C5507C7 /* Pods-TraderMathTest.debug.xcconfig */,
				F090790E9D11CC1C967E1F8E /* Pods-TraderMathTest.release.xcconfig */,
			);
			path = Pods;
			sourceTree = "<group>";
		};
		81A89F041CEB995600B2838A = {
			isa = PBXGroup;
			children = (
				81EF87141D10E2310038A38C /* data.db */,
				81A89F0F1CEB995600B2838A /* TraderMathTest */,
				81A89F251CEB995600B2838A /* TraderMathTestTests */,
				81A89F0E1CEB995600B2838A /* Products */,
				548E903E1CD083F35AEA1952 /* Pods */,
				C62608B3AA031B2667283DF2 /* Frameworks */,
			);
			sourceTree = "<group>";
		};
		81A89F0E1CEB995600B2838A /* Products */ = {
			isa = PBXGroup;
			children = (
				81A89F0D1CEB995600B2838A /* TraderMathTest.app */,
				81A89F221CEB995600B2838A /* TraderMathTestTests.xctest */,
			);
			name = Products;
			sourceTree = "<group>";
		};
		81A89F0F1CEB995600B2838A /* TraderMathTest */ = {
			isa = PBXGroup;
			children = (
				DBECA42828B89BDC0054FFB1 /* TraderMathTestDebug.entitlements */,
				DBECA42728B89BD00054FFB1 /* TraderMathTestRelease.entitlements */,
				DBB8D02628914C06006FC66C /* Helper */,
				DBB8D02528914BF8006FC66C /* AppDelegate */,
				DBB8D02428914BDA006FC66C /* Storyboard */,
				DBB8D02328914BAE006FC66C /* VC */,
				DBB8D01F28914A30006FC66C /* Vendor */,
				DB9C9D532891578100216347 /* question-bank */,
				DBD6F513291CE1D000759726 /* Assets */,
				8199DF471E341A68006E95CE /* GoogleService-Info.plist */,
				81A4C8101CFDE4AD007D4C3C /* Bridging-Header.h */,
				81A89F111CEB995600B2838A /* Info.plist */,
				DB9C9D512891563B00216347 /* libsqlite3.0.tbd */,
			);
			path = TraderMathTest;
			sourceTree = "<group>";
		};
		81A89F251CEB995600B2838A /* TraderMathTestTests */ = {
			isa = PBXGroup;
			children = (
				81A89F281CEB995600B2838A /* TraderMathTestTests.swift */,
				81A89F261CEB995600B2838A /* Supporting Files */,
			);
			path = TraderMathTestTests;
			sourceTree = "<group>";
		};
		81A89F261CEB995600B2838A /* Supporting Files */ = {
			isa = PBXGroup;
			children = (
				81A89F271CEB995600B2838A /* Info.plist */,
			);
			name = "Supporting Files";
			sourceTree = "<group>";
		};
		C62608B3AA031B2667283DF2 /* Frameworks */ = {
			isa = PBXGroup;
			children = (
				3EFD98C5F23E4CB9C67AAD8E /* Pods_TraderMathTest.framework */,
			);
			name = Frameworks;
			sourceTree = "<group>";
		};
		DB34645C2962CB57007E07EE /* BarChartKit */ = {
			isa = PBXGroup;
			children = (
				DB34645D2962CB57007E07EE /* UIKit */,
				DB3464692962CB57007E07EE /* Foundation */,
				DB34646B2962CB57007E07EE /* SwiftUI */,
			);
			path = BarChartKit;
			sourceTree = "<group>";
		};
		DB34645D2962CB57007E07EE /* UIKit */ = {
			isa = PBXGroup;
			children = (
				DB34645E2962CB57007E07EE /* Labels */,
				DB3464612962CB57007E07EE /* Controls */,
				DB3464632962CB57007E07EE /* Preview */,
				DB3464652962CB57007E07EE /* Views */,
			);
			path = UIKit;
			sourceTree = "<group>";
		};
		DB34645E2962CB57007E07EE /* Labels */ = {
			isa = PBXGroup;
			children = (
				DB34645F2962CB57007E07EE /* ChartLabel.swift */,
				DB3464602962CB57007E07EE /* LimitLabel.swift */,
			);
			path = Labels;
			sourceTree = "<group>";
		};
		DB3464612962CB57007E07EE /* Controls */ = {
			isa = PBXGroup;
			children = (
				DB3464622962CB57007E07EE /* BarParentControl.swift */,
			);
			path = Controls;
			sourceTree = "<group>";
		};
		DB3464632962CB57007E07EE /* Preview */ = {
			isa = PBXGroup;
			children = (
				DB3464642962CB57007E07EE /* UIViewPreview.swift */,
			);
			path = Preview;
			sourceTree = "<group>";
		};
		DB3464652962CB57007E07EE /* Views */ = {
			isa = PBXGroup;
			children = (
				DB3464662962CB57007E07EE /* DashedView.swift */,
				DB3464672962CB57007E07EE /* LimitView.swift */,
				DB3464682962CB57007E07EE /* BarChartView.swift */,
			);
			path = Views;
			sourceTree = "<group>";
		};
		DB3464692962CB57007E07EE /* Foundation */ = {
			isa = PBXGroup;
			children = (
				DB34646A2962CB57007E07EE /* Array+Extension.swift */,
			);
			path = Foundation;
			sourceTree = "<group>";
		};
		DB34646B2962CB57007E07EE /* SwiftUI */ = {
			isa = PBXGroup;
			children = (
				DB34646C2962CB57007E07EE /* BarChart.swift */,
			);
			path = SwiftUI;
			sourceTree = "<group>";
		};
		DB7C2C5E297BA51500CD2D14 /* View */ = {
			isa = PBXGroup;
			children = (
				DB3DEB7B295A0E3E0063E2A6 /* TMSegmentControl.swift */,
			);
			path = View;
			sourceTree = "<group>";
		};
		DB9C9D532891578100216347 /* question-bank */ = {
			isa = PBXGroup;
			children = (
				81A4C81B1CFE73CE007D4C3C /* easysequence.txt */,
				81A4C81C1CFE73CE007D4C3C /* hardsequence.txt */,
				81A4C81D1CFE73CE007D4C3C /* mediumsequence.txt */,
				81A4C8011CFBBE63007D4C3C /* hardmath.txt */,
				81A4C8021CFBBE63007D4C3C /* mediummath.txt */,
				81EF87161D110A090038A38C /* easymath.txt */,
			);
			name = "question-bank";
			sourceTree = "<group>";
		};
		DB9C9D5428915B6800216347 /* CloudKit */ = {
			isa = PBXGroup;
			children = (
				DB9C9D5528915B6800216347 /* DBTable.swift */,
				DB9C9D5628915B6800216347 /* DBManager.swift */,
			);
			path = CloudKit;
			sourceTree = "<group>";
		};
		DBB8D01F28914A30006FC66C /* Vendor */ = {
			isa = PBXGroup;
			children = (
				DBB8D02028914A39006FC66C /* SQLite */,
				DB34645C2962CB57007E07EE /* BarChartKit */,
			);
			path = Vendor;
			sourceTree = "<group>";
		};
		DBB8D02028914A39006FC66C /* SQLite */ = {
			isa = PBXGroup;
			children = (
				DBB8D01A28914A2B006FC66C /* SQLiteBase.swift */,
				DBB8D01B28914A2B006FC66C /* SQLiteDB.swift */,
				DBB8D01928914A2B006FC66C /* SQLTable.swift */,
				DBB8D02128914A8D006FC66C /* CloudDB.swift */,
				DB9C9D5428915B6800216347 /* CloudKit */,
			);
			path = SQLite;
			sourceTree = "<group>";
		};
		DBB8D02328914BAE006FC66C /* VC */ = {
			isa = PBXGroup;
			children = (
				81A89F141CEB995600B2838A /* MainVC.swift */,
				DBDD48A9292370CF00F120FC /* BaseVC.swift */,
				DB9682D42923894C00E72766 /* MathTestVC.swift */,
				DB2BEC89292697F0009A23B3 /* FinishTestVC.swift */,
				DBE779AA292A05F1000ADD51 /* LeaderboardVC.swift */,
				818520671CF3ED3C00063BFC /* Info.swift */,
			);
			path = VC;
			sourceTree = "<group>";
		};
		DBB8D02428914BDA006FC66C /* Storyboard */ = {
			isa = PBXGroup;
			children = (
				81A89F161CEB995600B2838A /* Main-Legacy.storyboard */,
				DBD6F50F291CB1AD00759726 /* Main.storyboard */,
				DB9C9D4D289151C300216347 /* LaunchScreen.storyboard */,
			);
			path = Storyboard;
			sourceTree = "<group>";
		};
		DBB8D02528914BF8006FC66C /* AppDelegate */ = {
			isa = PBXGroup;
			children = (
				81A89F121CEB995600B2838A /* AppDelegate.swift */,
			);
			path = AppDelegate;
			sourceTree = "<group>";
		};
		DBB8D02628914C06006FC66C /* Helper */ = {
			isa = PBXGroup;
			children = (
				DB7C2C5E297BA51500CD2D14 /* View */,
				DBB8D02828914C1B006FC66C /* Extension */,
				DBB8D02928914C20006FC66C /* Cell */,
				DBB8D02728914C13006FC66C /* Models */,
			);
			path = Helper;
			sourceTree = "<group>";
		};
		DBB8D02728914C13006FC66C /* Models */ = {
			isa = PBXGroup;
			children = (
				81AA522C1CF5ED820078D58B /* Question.swift */,
			);
			path = Models;
			sourceTree = "<group>";
		};
		DBB8D02828914C1B006FC66C /* Extension */ = {
			isa = PBXGroup;
			children = (
				81A4C8121CFDE4AD007D4C3C /* StringExtension.swift */,
				DBD6F517291CE2B100759726 /* FontExtension.swift */,
				DBD6F51D291CED9B00759726 /* ViewExtension.swift */,
				DB3ADF10291F88E10040A3C9 /* AssetsExtension.swift */,
			);
			path = Extension;
			sourceTree = "<group>";
		};
		DBB8D02928914C20006FC66C /* Cell */ = {
			isa = PBXGroup;
			children = (
				DBE779A92929F4E1000ADD51 /* Score */,
			);
			path = Cell;
			sourceTree = "<group>";
		};
		DBD6F513291CE1D000759726 /* Assets */ = {
			isa = PBXGroup;
			children = (
				DB9C9D4B2891519900216347 /* Assets.xcassets */,
				DBD6F511291CD9D500759726 /* ColorAssets.xcassets */,
				DBD6F514291CE1F200759726 /* Fonts */,
			);
			path = Assets;
			sourceTree = "<group>";
		};
		DBD6F514291CE1F200759726 /* Fonts */ = {
			isa = PBXGroup;
			children = (
				DBD6F515291CE20100759726 /* Inter-Regular.ttf */,
				DBD6F519291CE2EF00759726 /* Inter-Bold.ttf */,
				DBD6F51B291CE9C300759726 /* Inter-Medium.ttf */,
			);
			path = Fonts;
			sourceTree = "<group>";
		};
		DBE779A92929F4E1000ADD51 /* Score */ = {
			isa = PBXGroup;
			children = (
				DBE779A42929E612000ADD51 /* HighScoreCell.swift */,
				DBE779A52929E612000ADD51 /* HighScoreCell.xib */,
			);
			path = Score;
			sourceTree = "<group>";
		};
/* End PBXGroup section */

/* Begin PBXNativeTarget section */
		81A89F0C1CEB995600B2838A /* TraderMathTest */ = {
			isa = PBXNativeTarget;
			buildConfigurationList = 81A89F2C1CEB995600B2838A /* Build configuration list for PBXNativeTarget "TraderMathTest" */;
			buildPhases = (
				68404C2ACEDD7A9AF041377B /* [CP] Check Pods Manifest.lock */,
				81A89F091CEB995600B2838A /* Sources */,
				81A89F0A1CEB995600B2838A /* Frameworks */,
				81A89F0B1CEB995600B2838A /* Resources */,
				370E10AC67A82E760CE1693D /* [CP] Embed Pods Frameworks */,
			);
			buildRules = (
			);
			dependencies = (
			);
			name = TraderMathTest;
			productName = TraderMathTest;
			productReference = 81A89F0D1CEB995600B2838A /* TraderMathTest.app */;
			productType = "com.apple.product-type.application";
		};
		81A89F211CEB995600B2838A /* TraderMathTestTests */ = {
			isa = PBXNativeTarget;
			buildConfigurationList = 81A89F2F1CEB995600B2838A /* Build configuration list for PBXNativeTarget "TraderMathTestTests" */;
			buildPhases = (
				81A89F1E1CEB995600B2838A /* Sources */,
				81A89F1F1CEB995600B2838A /* Frameworks */,
				81A89F201CEB995600B2838A /* Resources */,
			);
			buildRules = (
			);
			dependencies = (
				81A89F241CEB995600B2838A /* PBXTargetDependency */,
			);
			name = TraderMathTestTests;
			productName = TraderMathTestTests;
			productReference = 81A89F221CEB995600B2838A /* TraderMathTestTests.xctest */;
			productType = "com.apple.product-type.bundle.unit-test";
		};
/* End PBXNativeTarget section */

/* Begin PBXProject section */
		81A89F051CEB995600B2838A /* Project object */ = {
			isa = PBXProject;
			attributes = {
				LastSwiftUpdateCheck = 0730;
				LastUpgradeCheck = 1340;
				ORGANIZATIONNAME = "Gamelap Studios LLC";
				TargetAttributes = {
					81A89F0C1CEB995600B2838A = {
						CreatedOnToolsVersion = 6.4;
						DevelopmentTeam = 5CUMW2JF9P;
						LastSwiftMigration = 1340;
						ProvisioningStyle = Automatic;
					};
					81A89F211CEB995600B2838A = {
						CreatedOnToolsVersion = 6.4;
						DevelopmentTeam = 5CUMW2JF9P;
						LastSwiftMigration = 0820;
						ProvisioningStyle = Automatic;
						TestTargetID = 81A89F0C1CEB995600B2838A;
					};
				};
			};
			buildConfigurationList = 81A89F081CEB995600B2838A /* Build configuration list for PBXProject "TraderMathTest" */;
			compatibilityVersion = "Xcode 3.2";
			developmentRegion = en;
			hasScannedForEncodings = 0;
			knownRegions = (
				en,
				Base,
			);
			mainGroup = 81A89F041CEB995600B2838A;
			productRefGroup = 81A89F0E1CEB995600B2838A /* Products */;
			projectDirPath = "";
			projectRoot = "";
			targets = (
				81A89F0C1CEB995600B2838A /* TraderMathTest */,
				81A89F211CEB995600B2838A /* TraderMathTestTests */,
			);
		};
/* End PBXProject section */

/* Begin PBXResourcesBuildPhase section */
		81A89F0B1CEB995600B2838A /* Resources */ = {
			isa = PBXResourcesBuildPhase;
			buildActionMask = 2147483647;
			files = (
				81A89F181CEB995600B2838A /* Main-Legacy.storyboard in Resources */,
				DBD6F512291CD9D500759726 /* ColorAssets.xcassets in Resources */,
				81A4C81F1CFE73CE007D4C3C /* hardsequence.txt in Resources */,
				DB9C9D4C2891519900216347 /* Assets.xcassets in Resources */,
				DBD6F510291CB1AD00759726 /* Main.storyboard in Resources */,
				81EF87171D110A090038A38C /* easymath.txt in Resources */,
				DBD6F51A291CE2EF00759726 /* Inter-Bold.ttf in Resources */,
				DBD6F516291CE20100759726 /* Inter-Regular.ttf in Resources */,
				81A4C8201CFE73CE007D4C3C /* mediumsequence.txt in Resources */,
				81A4C8041CFBBE63007D4C3C /* mediummath.txt in Resources */,
				DBE779A72929E612000ADD51 /* HighScoreCell.xib in Resources */,
				81A4C81E1CFE73CE007D4C3C /* easysequence.txt in Resources */,
				8199DF481E341A68006E95CE /* GoogleService-Info.plist in Resources */,
				DBD6F51C291CE9C300759726 /* Inter-Medium.ttf in Resources */,
				DB9C9D4E289151C300216347 /* LaunchScreen.storyboard in Resources */,
				81EF87151D10E2310038A38C /* data.db in Resources */,
				81A4C8031CFBBE63007D4C3C /* hardmath.txt in Resources */,
			);
			runOnlyForDeploymentPostprocessing = 0;
		};
		81A89F201CEB995600B2838A /* Resources */ = {
			isa = PBXResourcesBuildPhase;
			buildActionMask = 2147483647;
			files = (
			);
			runOnlyForDeploymentPostprocessing = 0;
		};
/* End PBXResourcesBuildPhase section */

/* Begin PBXShellScriptBuildPhase section */
		370E10AC67A82E760CE1693D /* [CP] Embed Pods Frameworks */ = {
			isa = PBXShellScriptBuildPhase;
			buildActionMask = 2147483647;
			files = (
			);
			inputPaths = (
				"${PODS_ROOT}/Target Support Files/Pods-TraderMathTest/Pods-TraderMathTest-frameworks.sh",
				"${BUILT_PRODUCTS_DIR}/DLRadioButton/DLRadioButton.framework",
				"${BUILT_PRODUCTS_DIR}/FirebaseCore/FirebaseCore.framework",
				"${BUILT_PRODUCTS_DIR}/FirebaseCoreInternal/FirebaseCoreInternal.framework",
				"${BUILT_PRODUCTS_DIR}/FirebaseDatabase/FirebaseDatabase.framework",
				"${BUILT_PRODUCTS_DIR}/FirebaseInstallations/FirebaseInstallations.framework",
				"${BUILT_PRODUCTS_DIR}/GoogleUtilities/GoogleUtilities.framework",
				"${BUILT_PRODUCTS_DIR}/PromisesObjC/FBLPromises.framework",
				"${BUILT_PRODUCTS_DIR}/Toaster/Toaster.framework",
				"${BUILT_PRODUCTS_DIR}/leveldb-library/leveldb.framework",
				"${BUILT_PRODUCTS_DIR}/nanopb/nanopb.framework",
			);
			name = "[CP] Embed Pods Frameworks";
			outputPaths = (
				"${TARGET_BUILD_DIR}/${FRAMEWORKS_FOLDER_PATH}/DLRadioButton.framework",
				"${TARGET_BUILD_DIR}/${FRAMEWORKS_FOLDER_PATH}/FirebaseCore.framework",
				"${TARGET_BUILD_DIR}/${FRAMEWORKS_FOLDER_PATH}/FirebaseCoreInternal.framework",
				"${TARGET_BUILD_DIR}/${FRAMEWORKS_FOLDER_PATH}/FirebaseDatabase.framework",
				"${TARGET_BUILD_DIR}/${FRAMEWORKS_FOLDER_PATH}/FirebaseInstallations.framework",
				"${TARGET_BUILD_DIR}/${FRAMEWORKS_FOLDER_PATH}/GoogleUtilities.framework",
				"${TARGET_BUILD_DIR}/${FRAMEWORKS_FOLDER_PATH}/FBLPromises.framework",
				"${TARGET_BUILD_DIR}/${FRAMEWORKS_FOLDER_PATH}/Toaster.framework",
				"${TARGET_BUILD_DIR}/${FRAMEWORKS_FOLDER_PATH}/leveldb.framework",
				"${TARGET_BUILD_DIR}/${FRAMEWORKS_FOLDER_PATH}/nanopb.framework",
			);
			runOnlyForDeploymentPostprocessing = 0;
			shellPath = /bin/sh;
			shellScript = "\"${PODS_ROOT}/Target Support Files/Pods-TraderMathTest/Pods-TraderMathTest-frameworks.sh\"\n";
			showEnvVarsInLog = 0;
		};
		68404C2ACEDD7A9AF041377B /* [CP] Check Pods Manifest.lock */ = {
			isa = PBXShellScriptBuildPhase;
			buildActionMask = 2147483647;
			files = (
			);
			inputFileListPaths = (
			);
			inputPaths = (
				"${PODS_PODFILE_DIR_PATH}/Podfile.lock",
				"${PODS_ROOT}/Manifest.lock",
			);
			name = "[CP] Check Pods Manifest.lock";
			outputFileListPaths = (
			);
			outputPaths = (
				"$(DERIVED_FILE_DIR)/Pods-TraderMathTest-checkManifestLockResult.txt",
			);
			runOnlyForDeploymentPostprocessing = 0;
			shellPath = /bin/sh;
			shellScript = "diff \"${PODS_PODFILE_DIR_PATH}/Podfile.lock\" \"${PODS_ROOT}/Manifest.lock\" > /dev/null\nif [ $? != 0 ] ; then\n    # print error to STDERR\n    echo \"error: The sandbox is not in sync with the Podfile.lock. Run 'pod install' or update your CocoaPods installation.\" >&2\n    exit 1\nfi\n# This output is used by Xcode 'outputs' to avoid re-running this script phase.\necho \"SUCCESS\" > \"${SCRIPT_OUTPUT_FILE_0}\"\n";
			showEnvVarsInLog = 0;
		};
/* End PBXShellScriptBuildPhase section */

/* Begin PBXSourcesBuildPhase section */
		81A89F091CEB995600B2838A /* Sources */ = {
			isa = PBXSourcesBuildPhase;
			buildActionMask = 2147483647;
			files = (
				DBB8D01D28914A2B006FC66C /* SQLiteBase.swift in Sources */,
				DB2BEC8A292697F0009A23B3 /* FinishTestVC.swift in Sources */,
				DB3DEB7C295A0E3E0063E2A6 /* TMSegmentControl.swift in Sources */,
				DBD6F518291CE2B100759726 /* FontExtension.swift in Sources */,
				81AA522D1CF5ED820078D58B /* Question.swift in Sources */,
				DB9C9D5728915B6800216347 /* DBTable.swift in Sources */,
				DBB8D01C28914A2B006FC66C /* SQLTable.swift in Sources */,
				818520681CF3ED3C00063BFC /* Info.swift in Sources */,
				DB9682D52923894C00E72766 /* MathTestVC.swift in Sources */,
				DBB8D02228914A8D006FC66C /* CloudDB.swift in Sources */,
				DB3464712962CB57007E07EE /* DashedView.swift in Sources */,
				DB3464742962CB57007E07EE /* Array+Extension.swift in Sources */,
				81A89F151CEB995600B2838A /* MainVC.swift in Sources */,
				DB9C9D5828915B6800216347 /* DBManager.swift in Sources */,
				81A89F131CEB995600B2838A /* AppDelegate.swift in Sources */,
				DB3464752962CB57007E07EE /* BarChart.swift in Sources */,
				DBD6F51E291CED9B00759726 /* ViewExtension.swift in Sources */,
				DB34646E2962CB57007E07EE /* LimitLabel.swift in Sources */,
				DB3464722962CB57007E07EE /* LimitView.swift in Sources */,
				DBE779A62929E612000ADD51 /* HighScoreCell.swift in Sources */,
				81A4C8141CFDE4AD007D4C3C /* StringExtension.swift in Sources */,
				DB3464702962CB57007E07EE /* UIViewPreview.swift in Sources */,
				DBE779AB292A05F1000ADD51 /* LeaderboardVC.swift in Sources */,
				DB34646D2962CB57007E07EE /* ChartLabel.swift in Sources */,
				DBB8D01E28914A2B006FC66C /* SQLiteDB.swift in Sources */,
				DB3464732962CB57007E07EE /* BarChartView.swift in Sources */,
				DB34646F2962CB57007E07EE /* BarParentControl.swift in Sources */,
				DBDD48AA292370CF00F120FC /* BaseVC.swift in Sources */,
				DB3ADF11291F88E10040A3C9 /* AssetsExtension.swift in Sources */,
			);
			runOnlyForDeploymentPostprocessing = 0;
		};
		81A89F1E1CEB995600B2838A /* Sources */ = {
			isa = PBXSourcesBuildPhase;
			buildActionMask = 2147483647;
			files = (
				81A89F291CEB995600B2838A /* TraderMathTestTests.swift in Sources */,
			);
			runOnlyForDeploymentPostprocessing = 0;
		};
/* End PBXSourcesBuildPhase section */

/* Begin PBXTargetDependency section */
		81A89F241CEB995600B2838A /* PBXTargetDependency */ = {
			isa = PBXTargetDependency;
			target = 81A89F0C1CEB995600B2838A /* TraderMathTest */;
			targetProxy = 81A89F231CEB995600B2838A /* PBXContainerItemProxy */;
		};
/* End PBXTargetDependency section */

/* Begin PBXVariantGroup section */
		81A89F161CEB995600B2838A /* Main-Legacy.storyboard */ = {
			isa = PBXVariantGroup;
			children = (
				81A89F171CEB995600B2838A /* Base */,
			);
			name = "Main-Legacy.storyboard";
			sourceTree = "<group>";
		};
/* End PBXVariantGroup section */

/* Begin XCBuildConfiguration section */
		81A89F2A1CEB995600B2838A /* Debug */ = {
			isa = XCBuildConfiguration;
			buildSettings = {
				ALWAYS_SEARCH_USER_PATHS = NO;
				CLANG_ANALYZER_LOCALIZABILITY_NONLOCALIZED = YES;
				CLANG_CXX_LANGUAGE_STANDARD = "gnu++0x";
				CLANG_CXX_LIBRARY = "libc++";
				CLANG_ENABLE_MODULES = YES;
				CLANG_ENABLE_OBJC_ARC = YES;
				CLANG_WARN_BLOCK_CAPTURE_AUTORELEASING = YES;
				CLANG_WARN_BOOL_CONVERSION = YES;
				CLANG_WARN_COMMA = YES;
				CLANG_WARN_CONSTANT_CONVERSION = YES;
				CLANG_WARN_DEPRECATED_OBJC_IMPLEMENTATIONS = YES;
				CLANG_WARN_DIRECT_OBJC_ISA_USAGE = YES_ERROR;
				CLANG_WARN_EMPTY_BODY = YES;
				CLANG_WARN_ENUM_CONVERSION = YES;
				CLANG_WARN_INFINITE_RECURSION = YES;
				CLANG_WARN_INT_CONVERSION = YES;
				CLANG_WARN_NON_LITERAL_NULL_CONVERSION = YES;
				CLANG_WARN_OBJC_IMPLICIT_RETAIN_SELF = YES;
				CLANG_WARN_OBJC_LITERAL_CONVERSION = YES;
				CLANG_WARN_OBJC_ROOT_CLASS = YES_ERROR;
				CLANG_WARN_QUOTED_INCLUDE_IN_FRAMEWORK_HEADER = YES;
				CLANG_WARN_RANGE_LOOP_ANALYSIS = YES;
				CLANG_WARN_STRICT_PROTOTYPES = YES;
				CLANG_WARN_SUSPICIOUS_MOVE = YES;
				CLANG_WARN_UNREACHABLE_CODE = YES;
				CLANG_WARN__DUPLICATE_METHOD_MATCH = YES;
				CODE_SIGN_IDENTITY = "iPhone Developer";
				"CODE_SIGN_IDENTITY[sdk=iphoneos*]" = "iPhone Developer";
				COPY_PHASE_STRIP = NO;
				DEBUG_INFORMATION_FORMAT = "dwarf-with-dsym";
				ENABLE_STRICT_OBJC_MSGSEND = YES;
				ENABLE_TESTABILITY = YES;
				GCC_C_LANGUAGE_STANDARD = gnu99;
				GCC_DYNAMIC_NO_PIC = NO;
				GCC_NO_COMMON_BLOCKS = YES;
				GCC_OPTIMIZATION_LEVEL = 0;
				GCC_PREPROCESSOR_DEFINITIONS = (
					"DEBUG=1",
					"$(inherited)",
				);
				GCC_SYMBOLS_PRIVATE_EXTERN = NO;
				GCC_WARN_64_TO_32_BIT_CONVERSION = YES;
				GCC_WARN_ABOUT_RETURN_TYPE = YES_ERROR;
				GCC_WARN_UNDECLARED_SELECTOR = YES;
				GCC_WARN_UNINITIALIZED_AUTOS = YES_AGGRESSIVE;
				GCC_WARN_UNUSED_FUNCTION = YES;
				GCC_WARN_UNUSED_VARIABLE = YES;
				IPHONEOS_DEPLOYMENT_TARGET = 12.0;
				MTL_ENABLE_DEBUG_INFO = YES;
				ONLY_ACTIVE_ARCH = YES;
				SDKROOT = iphoneos;
				SKIP_INSTALL = YES;
				SWIFT_OPTIMIZATION_LEVEL = "-Onone";
				TARGETED_DEVICE_FAMILY = "1,2";
			};
			name = Debug;
		};
		81A89F2B1CEB995600B2838A /* Release */ = {
			isa = XCBuildConfiguration;
			buildSettings = {
				ALWAYS_SEARCH_USER_PATHS = NO;
				CLANG_ANALYZER_LOCALIZABILITY_NONLOCALIZED = YES;
				CLANG_CXX_LANGUAGE_STANDARD = "gnu++0x";
				CLANG_CXX_LIBRARY = "libc++";
				CLANG_ENABLE_MODULES = YES;
				CLANG_ENABLE_OBJC_ARC = YES;
				CLANG_WARN_BLOCK_CAPTURE_AUTORELEASING = YES;
				CLANG_WARN_BOOL_CONVERSION = YES;
				CLANG_WARN_COMMA = YES;
				CLANG_WARN_CONSTANT_CONVERSION = YES;
				CLANG_WARN_DEPRECATED_OBJC_IMPLEMENTATIONS = YES;
				CLANG_WARN_DIRECT_OBJC_ISA_USAGE = YES_ERROR;
				CLANG_WARN_EMPTY_BODY = YES;
				CLANG_WARN_ENUM_CONVERSION = YES;
				CLANG_WARN_INFINITE_RECURSION = YES;
				CLANG_WARN_INT_CONVERSION = YES;
				CLANG_WARN_NON_LITERAL_NULL_CONVERSION = YES;
				CLANG_WARN_OBJC_IMPLICIT_RETAIN_SELF = YES;
				CLANG_WARN_OBJC_LITERAL_CONVERSION = YES;
				CLANG_WARN_OBJC_ROOT_CLASS = YES_ERROR;
				CLANG_WARN_QUOTED_INCLUDE_IN_FRAMEWORK_HEADER = YES;
				CLANG_WARN_RANGE_LOOP_ANALYSIS = YES;
				CLANG_WARN_STRICT_PROTOTYPES = YES;
				CLANG_WARN_SUSPICIOUS_MOVE = YES;
				CLANG_WARN_UNREACHABLE_CODE = YES;
				CLANG_WARN__DUPLICATE_METHOD_MATCH = YES;
				CODE_SIGN_IDENTITY = "iPhone Distribution: Milap Naik (5CUMW2JF9P)";
				"CODE_SIGN_IDENTITY[sdk=iphoneos*]" = "iPhone Distribution: Milap Naik (5CUMW2JF9P)";
				COPY_PHASE_STRIP = NO;
				DEBUG_INFORMATION_FORMAT = "dwarf-with-dsym";
				ENABLE_NS_ASSERTIONS = NO;
				ENABLE_STRICT_OBJC_MSGSEND = YES;
				GCC_C_LANGUAGE_STANDARD = gnu99;
				GCC_NO_COMMON_BLOCKS = YES;
				GCC_WARN_64_TO_32_BIT_CONVERSION = YES;
				GCC_WARN_ABOUT_RETURN_TYPE = YES_ERROR;
				GCC_WARN_UNDECLARED_SELECTOR = YES;
				GCC_WARN_UNINITIALIZED_AUTOS = YES_AGGRESSIVE;
				GCC_WARN_UNUSED_FUNCTION = YES;
				GCC_WARN_UNUSED_VARIABLE = YES;
				IPHONEOS_DEPLOYMENT_TARGET = 12.0;
				MTL_ENABLE_DEBUG_INFO = NO;
				SDKROOT = iphoneos;
				SKIP_INSTALL = YES;
				SWIFT_OPTIMIZATION_LEVEL = "-Owholemodule";
				TARGETED_DEVICE_FAMILY = "1,2";
				VALIDATE_PRODUCT = YES;
			};
			name = Release;
		};
		81A89F2D1CEB995600B2838A /* Debug */ = {
			isa = XCBuildConfiguration;
			baseConfigurationReference = 49E58C782817E80F9C5507C7 /* Pods-TraderMathTest.debug.xcconfig */;
			buildSettings = {
				ALWAYS_SEARCH_USER_PATHS = NO;
				ASSETCATALOG_COMPILER_APPICON_NAME = AppIcon;
				ASSETCATALOG_COMPILER_INCLUDE_ALL_APPICON_ASSETS = NO;
				ASSETCATALOG_COMPILER_LAUNCHIMAGE_NAME = "";
				ASSETCATALOG_COMPILER_STANDALONE_ICON_BEHAVIOR = default;
				CODE_SIGN_ENTITLEMENTS = TraderMathTest/TraderMathTestDebug.entitlements;
				CODE_SIGN_IDENTITY = "Apple Development";
				"CODE_SIGN_IDENTITY[sdk=iphoneos*]" = "Apple Development";
				CODE_SIGN_STYLE = Automatic;
				CONFIGURATION_BUILD_DIR = "$(BUILD_DIR)/$(CONFIGURATION)$(EFFECTIVE_PLATFORM_NAME)";
				CURRENT_PROJECT_VERSION = 4;
				DEVELOPMENT_TEAM = 5CUMW2JF9P;
				ENABLE_BITCODE = NO;
				FRAMEWORK_SEARCH_PATHS = "$(inherited)";
				INFOPLIST_FILE = "$(SRCROOT)/TraderMathTest/Info.plist";
				IPHONEOS_DEPLOYMENT_TARGET = 13.0;
				LD_RUNPATH_SEARCH_PATHS = "$(inherited)";
				MARKETING_VERSION = 2.0.0;
				OTHER_LDFLAGS = (
					"$(inherited)",
					"$(OTHER_LDFLAGS)",
					"-ObjC",
				);
				PRODUCT_BUNDLE_IDENTIFIER = com.milapnaik.TraderMathTest;
				PRODUCT_NAME = TraderMathTest;
				PROVISIONING_PROFILE = "";
				PROVISIONING_PROFILE_SPECIFIER = "";
				SKIP_INSTALL = NO;
				SWIFT_OBJC_BRIDGING_HEADER = "TraderMathTest/Bridging-Header.h";
				SWIFT_VERSION = 5.0;
				TARGETED_DEVICE_FAMILY = "1,2";
			};
			name = Debug;
		};
		81A89F2E1CEB995600B2838A /* Release */ = {
			isa = XCBuildConfiguration;
			baseConfigurationReference = F090790E9D11CC1C967E1F8E /* Pods-TraderMathTest.release.xcconfig */;
			buildSettings = {
				ALWAYS_SEARCH_USER_PATHS = NO;
				ASSETCATALOG_COMPILER_APPICON_NAME = AppIcon;
				ASSETCATALOG_COMPILER_INCLUDE_ALL_APPICON_ASSETS = NO;
				ASSETCATALOG_COMPILER_LAUNCHIMAGE_NAME = "";
				ASSETCATALOG_COMPILER_STANDALONE_ICON_BEHAVIOR = default;
				CODE_SIGN_ENTITLEMENTS = TraderMathTest/TraderMathTestRelease.entitlements;
				CODE_SIGN_IDENTITY = "Apple Development";
				"CODE_SIGN_IDENTITY[sdk=iphoneos*]" = "Apple Development";
				CODE_SIGN_STYLE = Automatic;
				CONFIGURATION_BUILD_DIR = "$(BUILD_DIR)/$(CONFIGURATION)$(EFFECTIVE_PLATFORM_NAME)";
				CURRENT_PROJECT_VERSION = 4;
				DEVELOPMENT_TEAM = 5CUMW2JF9P;
				ENABLE_BITCODE = NO;
				FRAMEWORK_SEARCH_PATHS = "$(inherited)";
				INFOPLIST_FILE = "$(SRCROOT)/TraderMathTest/Info.plist";
				IPHONEOS_DEPLOYMENT_TARGET = 13.0;
				LD_RUNPATH_SEARCH_PATHS = "$(inherited)";
				MARKETING_VERSION = 2.0.0;
				OTHER_LDFLAGS = (
					"$(inherited)",
					"$(OTHER_LDFLAGS)",
					"-ObjC",
				);
				"OTHER_LDFLAGS[arch=*]" = " $(inherited)";
				PRODUCT_BUNDLE_IDENTIFIER = com.milapnaik.TraderMathTest;
				PRODUCT_NAME = TraderMathTest;
				PROVISIONING_PROFILE = "";
				PROVISIONING_PROFILE_SPECIFIER = "";
				SKIP_INSTALL = NO;
				SWIFT_OBJC_BRIDGING_HEADER = "TraderMathTest/Bridging-Header.h";
				SWIFT_VERSION = 5.0;
				TARGETED_DEVICE_FAMILY = "1,2";
			};
			name = Release;
		};
		81A89F301CEB995600B2838A /* Debug */ = {
			isa = XCBuildConfiguration;
			buildSettings = {
				BUNDLE_LOADER = "$(TEST_HOST)";
				CODE_SIGN_IDENTITY = "Apple Development";
				"CODE_SIGN_IDENTITY[sdk=macosx*]" = "Apple Development";
				CODE_SIGN_STYLE = Automatic;
				DEVELOPMENT_TEAM = 5CUMW2JF9P;
				FRAMEWORK_SEARCH_PATHS = "";
				GCC_PREPROCESSOR_DEFINITIONS = (
					"DEBUG=1",
					"$(inherited)",
				);
				INFOPLIST_FILE = TraderMathTestTests/Info.plist;
				LD_RUNPATH_SEARCH_PATHS = "$(inherited) @executable_path/Frameworks @loader_path/Frameworks";
				PRODUCT_BUNDLE_IDENTIFIER = "MilapNaik.$(PRODUCT_NAME:rfc1034identifier)";
				PRODUCT_NAME = TraderMathTestTests;
				PROVISIONING_PROFILE_SPECIFIER = "";
				"PROVISIONING_PROFILE_SPECIFIER[sdk=macosx*]" = "";
				SWIFT_VERSION = 5.0;
				TEST_HOST = "$(BUILT_PRODUCTS_DIR)/TraderMathTest.app/TraderMathTest";
			};
			name = Debug;
		};
		81A89F311CEB995600B2838A /* Release */ = {
			isa = XCBuildConfiguration;
			buildSettings = {
				BUNDLE_LOADER = "$(TEST_HOST)";
				CODE_SIGN_IDENTITY = "Apple Development";
				"CODE_SIGN_IDENTITY[sdk=macosx*]" = "Apple Development";
				CODE_SIGN_STYLE = Automatic;
				DEVELOPMENT_TEAM = 5CUMW2JF9P;
				FRAMEWORK_SEARCH_PATHS = "";
				INFOPLIST_FILE = TraderMathTestTests/Info.plist;
				LD_RUNPATH_SEARCH_PATHS = "$(inherited) @executable_path/Frameworks @loader_path/Frameworks";
				PRODUCT_BUNDLE_IDENTIFIER = "MilapNaik.$(PRODUCT_NAME:rfc1034identifier)";
				PRODUCT_NAME = TraderMathTestTests;
				PROVISIONING_PROFILE_SPECIFIER = "";
				"PROVISIONING_PROFILE_SPECIFIER[sdk=macosx*]" = "";
				SWIFT_VERSION = 5.0;
				TEST_HOST = "$(BUILT_PRODUCTS_DIR)/TraderMathTest.app/TraderMathTest";
			};
			name = Release;
		};
/* End XCBuildConfiguration section */

/* Begin XCConfigurationList section */
		81A89F081CEB995600B2838A /* Build configuration list for PBXProject "TraderMathTest" */ = {
			isa = XCConfigurationList;
			buildConfigurations = (
				81A89F2A1CEB995600B2838A /* Debug */,
				81A89F2B1CEB995600B2838A /* Release */,
			);
			defaultConfigurationIsVisible = 0;
			defaultConfigurationName = Release;
		};
		81A89F2C1CEB995600B2838A /* Build configuration list for PBXNativeTarget "TraderMathTest" */ = {
			isa = XCConfigurationList;
			buildConfigurations = (
				81A89F2D1CEB995600B2838A /* Debug */,
				81A89F2E1CEB995600B2838A /* Release */,
			);
			defaultConfigurationIsVisible = 0;
			defaultConfigurationName = Release;
		};
		81A89F2F1CEB995600B2838A /* Build configuration list for PBXNativeTarget "TraderMathTestTests" */ = {
			isa = XCConfigurationList;
			buildConfigurations = (
				81A89F301CEB995600B2838A /* Debug */,
				81A89F311CEB995600B2838A /* Release */,
			);
			defaultConfigurationIsVisible = 0;
			defaultConfigurationName = Release;
		};
/* End XCConfigurationList section */
	};
	rootObject = 81A89F051CEB995600B2838A /* Project object */;
}
