{
  "pins" : [
    {
      "identity" : "barchart",
      "kind" : "remoteSourceControl",
      "location" : "https://github.com/marekpridal/BarChart",
      "state" : {
        "revision" : "30db3802a904414ee42c9c7aefe28bdcec10921e",
        "version" : "1.5.1"
      }
    }
  ],
  "version" : 2
}
