// !$*UTF8*$!
{
	archiveVersion = 1;
	classes = {
	};
	objectVersion = 46;
	objects = {

/* Begin PBXBuildFile section */
		818520661CF3EB4900063BFC /* Settings.swift in Sources */ = {isa = PBXBuildFile; fileRef = 818520651CF3EB4900063BFC /* Settings.swift */; };
		818520681CF3ED3C00063BFC /* Info.swift in Sources */ = {isa = PBXBuildFile; fileRef = 818520671CF3ED3C00063BFC /* Info.swift */; };
		818B534F1CF6CC350085346A /* FinishTest.swift in Sources */ = {isa = PBXBuildFile; fileRef = 818B534E1CF6CC350085346A /* FinishTest.swift */; };
		819347CA1D022033002EA835 /* TableViewCell.swift in Sources */ = {isa = PBXBuildFile; fileRef = 819347C91D022033002EA835 /* TableViewCell.swift */; };
		81A4C8031CFBBE63007D4C3C /* hardmath.txt in Resources */ = {isa = PBXBuildFile; fileRef = 81A4C8011CFBBE63007D4C3C /* hardmath.txt */; };
		81A4C8041CFBBE63007D4C3C /* mediummath.txt in Resources */ = {isa = PBXBuildFile; fileRef = 81A4C8021CFBBE63007D4C3C /* mediummath.txt */; };
		81A4C8131CFDE4AD007D4C3C /* SQLiteDB.swift in Sources */ = {isa = PBXBuildFile; fileRef = 81A4C8111CFDE4AD007D4C3C /* SQLiteDB.swift */; };
		81A4C8141CFDE4AD007D4C3C /* String-Extras.swift in Sources */ = {isa = PBXBuildFile; fileRef = 81A4C8121CFDE4AD007D4C3C /* String-Extras.swift */; };
		81A4C8161CFDE539007D4C3C /* libsqlite3.0.dylib in Frameworks */ = {isa = PBXBuildFile; fileRef = 81A4C8151CFDE539007D4C3C /* libsqlite3.0.dylib */; };
		81A4C81E1CFE73CE007D4C3C /* easyseq.txt in Resources */ = {isa = PBXBuildFile; fileRef = 81A4C81B1CFE73CE007D4C3C /* easyseq.txt */; };
		81A4C81F1CFE73CE007D4C3C /* hardseq.txt in Resources */ = {isa = PBXBuildFile; fileRef = 81A4C81C1CFE73CE007D4C3C /* hardseq.txt */; };
		81A4C8201CFE73CE007D4C3C /* mediumseq.txt in Resources */ = {isa = PBXBuildFile; fileRef = 81A4C81D1CFE73CE007D4C3C /* mediumseq.txt */; };
		81A4C8291CFEB2BF007D4C3C /* JLToast.swift in Sources */ = {isa = PBXBuildFile; fileRef = 81A4C8261CFEB2BF007D4C3C /* JLToast.swift */; };
		81A4C82A1CFEB2BF007D4C3C /* JLToastCenter.swift in Sources */ = {isa = PBXBuildFile; fileRef = 81A4C8271CFEB2BF007D4C3C /* JLToastCenter.swift */; };
		81A4C82B1CFEB2BF007D4C3C /* JLToastView.swift in Sources */ = {isa = PBXBuildFile; fileRef = 81A4C8281CFEB2BF007D4C3C /* JLToastView.swift */; };
		81A4C8441CFF427D007D4C3C /* DLRadioButton.m in Sources */ = {isa = PBXBuildFile; fileRef = 81A4C8431CFF427C007D4C3C /* DLRadioButton.m */; };
		81A4C84C1CFF7B1F007D4C3C /* DLRadioButton.framework in Embed Frameworks */ = {isa = PBXBuildFile; fileRef = 81A4C8491CFF495C007D4C3C /* DLRadioButton.framework */; settings = {ATTRIBUTES = (CodeSignOnCopy, RemoveHeadersOnCopy, ); }; };
		81A89F131CEB995600B2838A /* AppDelegate.swift in Sources */ = {isa = PBXBuildFile; fileRef = 81A89F121CEB995600B2838A /* AppDelegate.swift */; };
		81A89F151CEB995600B2838A /* ViewController.swift in Sources */ = {isa = PBXBuildFile; fileRef = 81A89F141CEB995600B2838A /* ViewController.swift */; };
		81A89F181CEB995600B2838A /* Main.storyboard in Resources */ = {isa = PBXBuildFile; fileRef = 81A89F161CEB995600B2838A /* Main.storyboard */; };
		81A89F1A1CEB995600B2838A /* Images.xcassets in Resources */ = {isa = PBXBuildFile; fileRef = 81A89F191CEB995600B2838A /* Images.xcassets */; };
		81A89F291CEB995600B2838A /* TraderMathTestiOSTests.swift in Sources */ = {isa = PBXBuildFile; fileRef = 81A89F281CEB995600B2838A /* TraderMathTestiOSTests.swift */; };
		81AA26631CF4B3D7001DE1D0 /* easymath.txt in Resources */ = {isa = PBXBuildFile; fileRef = 81AA26621CF4B3D7001DE1D0 /* easymath.txt */; };
		81AA26661CF4DF7E001DE1D0 /* PracticeOrTest.swift in Sources */ = {isa = PBXBuildFile; fileRef = 81AA26651CF4DF7E001DE1D0 /* PracticeOrTest.swift */; };
		81AA26681CF4DFC2001DE1D0 /* Countdown.swift in Sources */ = {isa = PBXBuildFile; fileRef = 81AA26671CF4DFC2001DE1D0 /* Countdown.swift */; };
		81AA266A1CF4E4B6001DE1D0 /* MathTest.swift in Sources */ = {isa = PBXBuildFile; fileRef = 81AA26691CF4E4B6001DE1D0 /* MathTest.swift */; };
		81AA522D1CF5ED820078D58B /* Question.swift in Sources */ = {isa = PBXBuildFile; fileRef = 81AA522C1CF5ED820078D58B /* Question.swift */; };
		81FFBE1E1D05222700530947 /* highscores.db in Resources */ = {isa = PBXBuildFile; fileRef = 81FFBE1D1D05222700530947 /* highscores.db */; };
/* End PBXBuildFile section */

/* Begin PBXContainerItemProxy section */
		81A89F231CEB995600B2838A /* PBXContainerItemProxy */ = {
			isa = PBXContainerItemProxy;
			containerPortal = 81A89F051CEB995600B2838A /* Project object */;
			proxyType = 1;
			remoteGlobalIDString = 81A89F0C1CEB995600B2838A;
			remoteInfo = TraderMathTestiOS;
		};
/* End PBXContainerItemProxy section */

/* Begin PBXCopyFilesBuildPhase section */
		81A4C84D1CFF7B20007D4C3C /* Embed Frameworks */ = {
			isa = PBXCopyFilesBuildPhase;
			buildActionMask = 2147483647;
			dstPath = "";
			dstSubfolderSpec = 10;
			files = (
				81A4C84C1CFF7B1F007D4C3C /* DLRadioButton.framework in Embed Frameworks */,
			);
			name = "Embed Frameworks";
			runOnlyForDeploymentPostprocessing = 0;
		};
/* End PBXCopyFilesBuildPhase section */

/* Begin PBXFileReference section */
		818520651CF3EB4900063BFC /* Settings.swift */ = {isa = PBXFileReference; fileEncoding = 4; lastKnownFileType = sourcecode.swift; path = Settings.swift; sourceTree = "<group>"; };
		818520671CF3ED3C00063BFC /* Info.swift */ = {isa = PBXFileReference; fileEncoding = 4; lastKnownFileType = sourcecode.swift; path = Info.swift; sourceTree = "<group>"; };
		818B534E1CF6CC350085346A /* FinishTest.swift */ = {isa = PBXFileReference; fileEncoding = 4; lastKnownFileType = sourcecode.swift; path = FinishTest.swift; sourceTree = "<group>"; };
		819347C91D022033002EA835 /* TableViewCell.swift */ = {isa = PBXFileReference; fileEncoding = 4; lastKnownFileType = sourcecode.swift; name = TableViewCell.swift; path = ../TableViewCell.swift; sourceTree = "<group>"; };
		81A4C8011CFBBE63007D4C3C /* hardmath.txt */ = {isa = PBXFileReference; fileEncoding = 4; lastKnownFileType = text; path = hardmath.txt; sourceTree = "<group>"; };
		81A4C8021CFBBE63007D4C3C /* mediummath.txt */ = {isa = PBXFileReference; fileEncoding = 4; lastKnownFileType = text; path = mediummath.txt; sourceTree = "<group>"; };
		81A4C8101CFDE4AD007D4C3C /* Bridging-Header.h */ = {isa = PBXFileReference; fileEncoding = 4; lastKnownFileType = sourcecode.c.h; path = "Bridging-Header.h"; sourceTree = "<group>"; };
		81A4C8111CFDE4AD007D4C3C /* SQLiteDB.swift */ = {isa = PBXFileReference; fileEncoding = 4; lastKnownFileType = sourcecode.swift; path = SQLiteDB.swift; sourceTree = "<group>"; };
		81A4C8121CFDE4AD007D4C3C /* String-Extras.swift */ = {isa = PBXFileReference; fileEncoding = 4; lastKnownFileType = sourcecode.swift; path = "String-Extras.swift"; sourceTree = "<group>"; };
		81A4C8151CFDE539007D4C3C /* libsqlite3.0.dylib */ = {isa = PBXFileReference; lastKnownFileType = "compiled.mach-o.dylib"; name = libsqlite3.0.dylib; path = usr/lib/libsqlite3.0.dylib; sourceTree = SDKROOT; };
		81A4C81B1CFE73CE007D4C3C /* easyseq.txt */ = {isa = PBXFileReference; fileEncoding = 4; lastKnownFileType = text; path = easyseq.txt; sourceTree = "<group>"; };
		81A4C81C1CFE73CE007D4C3C /* hardseq.txt */ = {isa = PBXFileReference; fileEncoding = 4; lastKnownFileType = text; path = hardseq.txt; sourceTree = "<group>"; };
		81A4C81D1CFE73CE007D4C3C /* mediumseq.txt */ = {isa = PBXFileReference; fileEncoding = 4; lastKnownFileType = text; path = mediumseq.txt; sourceTree = "<group>"; };
		81A4C8251CFEB2BF007D4C3C /* JLToast.h */ = {isa = PBXFileReference; fileEncoding = 4; lastKnownFileType = sourcecode.c.h; path = JLToast.h; sourceTree = "<group>"; };
		81A4C8261CFEB2BF007D4C3C /* JLToast.swift */ = {isa = PBXFileReference; fileEncoding = 4; lastKnownFileType = sourcecode.swift; path = JLToast.swift; sourceTree = "<group>"; };
		81A4C8271CFEB2BF007D4C3C /* JLToastCenter.swift */ = {isa = PBXFileReference; fileEncoding = 4; lastKnownFileType = sourcecode.swift; path = JLToastCenter.swift; sourceTree = "<group>"; };
		81A4C8281CFEB2BF007D4C3C /* JLToastView.swift */ = {isa = PBXFileReference; fileEncoding = 4; lastKnownFileType = sourcecode.swift; path = JLToastView.swift; sourceTree = "<group>"; };
		81A4C8421CFF427C007D4C3C /* DLRadioButton.h */ = {isa = PBXFileReference; fileEncoding = 4; lastKnownFileType = sourcecode.c.h; name = DLRadioButton.h; path = ../DLRadioButton.h; sourceTree = "<group>"; };
		81A4C8431CFF427C007D4C3C /* DLRadioButton.m */ = {isa = PBXFileReference; fileEncoding = 4; lastKnownFileType = sourcecode.c.objc; name = DLRadioButton.m; path = ../DLRadioButton.m; sourceTree = "<group>"; };
		81A4C8491CFF495C007D4C3C /* DLRadioButton.framework */ = {isa = PBXFileReference; lastKnownFileType = wrapper.framework; path = DLRadioButton.framework; sourceTree = "<group>"; };
		81A89F0D1CEB995600B2838A /* TraderMathTestiOS.app */ = {isa = PBXFileReference; explicitFileType = wrapper.application; includeInIndex = 0; path = TraderMathTestiOS.app; sourceTree = BUILT_PRODUCTS_DIR; };
		81A89F111CEB995600B2838A /* Info.plist */ = {isa = PBXFileReference; lastKnownFileType = text.plist.xml; path = Info.plist; sourceTree = "<group>"; };
		81A89F121CEB995600B2838A /* AppDelegate.swift */ = {isa = PBXFileReference; lastKnownFileType = sourcecode.swift; path = AppDelegate.swift; sourceTree = "<group>"; };
		81A89F141CEB995600B2838A /* ViewController.swift */ = {isa = PBXFileReference; lastKnownFileType = sourcecode.swift; path = ViewController.swift; sourceTree = "<group>"; };
		81A89F171CEB995600B2838A /* Base */ = {isa = PBXFileReference; lastKnownFileType = file.storyboard; name = Base; path = Base.lproj/Main.storyboard; sourceTree = "<group>"; };
		81A89F191CEB995600B2838A /* Images.xcassets */ = {isa = PBXFileReference; lastKnownFileType = folder.assetcatalog; path = Images.xcassets; sourceTree = "<group>"; };
		81A89F221CEB995600B2838A /* TraderMathTestiOSTests.xctest */ = {isa = PBXFileReference; explicitFileType = wrapper.cfbundle; includeInIndex = 0; path = TraderMathTestiOSTests.xctest; sourceTree = BUILT_PRODUCTS_DIR; };
		81A89F271CEB995600B2838A /* Info.plist */ = {isa = PBXFileReference; lastKnownFileType = text.plist.xml; path = Info.plist; sourceTree = "<group>"; };
		81A89F281CEB995600B2838A /* TraderMathTestiOSTests.swift */ = {isa = PBXFileReference; lastKnownFileType = sourcecode.swift; path = TraderMathTestiOSTests.swift; sourceTree = "<group>"; };
		81AA26621CF4B3D7001DE1D0 /* easymath.txt */ = {isa = PBXFileReference; fileEncoding = 4; lastKnownFileType = text; path = easymath.txt; sourceTree = "<group>"; };
		81AA26651CF4DF7E001DE1D0 /* PracticeOrTest.swift */ = {isa = PBXFileReference; fileEncoding = 4; lastKnownFileType = sourcecode.swift; path = PracticeOrTest.swift; sourceTree = "<group>"; };
		81AA26671CF4DFC2001DE1D0 /* Countdown.swift */ = {isa = PBXFileReference; fileEncoding = 4; lastKnownFileType = sourcecode.swift; path = Countdown.swift; sourceTree = "<group>"; };
		81AA26691CF4E4B6001DE1D0 /* MathTest.swift */ = {isa = PBXFileReference; fileEncoding = 4; lastKnownFileType = sourcecode.swift; path = MathTest.swift; sourceTree = "<group>"; };
		81AA522C1CF5ED820078D58B /* Question.swift */ = {isa = PBXFileReference; fileEncoding = 4; lastKnownFileType = sourcecode.swift; path = Question.swift; sourceTree = "<group>"; };
		81FFBE1D1D05222700530947 /* highscores.db */ = {isa = PBXFileReference; lastKnownFileType = file; path = highscores.db; sourceTree = "<group>"; };
/* End PBXFileReference section */

/* Begin PBXFrameworksBuildPhase section */
		81A89F0A1CEB995600B2838A /* Frameworks */ = {
			isa = PBXFrameworksBuildPhase;
			buildActionMask = 2147483647;
			files = (
				81A4C8161CFDE539007D4C3C /* libsqlite3.0.dylib in Frameworks */,
			);
			runOnlyForDeploymentPostprocessing = 0;
		};
		81A89F1F1CEB995600B2838A /* Frameworks */ = {
			isa = PBXFrameworksBuildPhase;
			buildActionMask = 2147483647;
			files = (
			);
			runOnlyForDeploymentPostprocessing = 0;
		};
/* End PBXFrameworksBuildPhase section */

/* Begin PBXGroup section */
		81A89F041CEB995600B2838A = {
			isa = PBXGroup;
			children = (
				81A4C8491CFF495C007D4C3C /* DLRadioButton.framework */,
				81A4C8151CFDE539007D4C3C /* libsqlite3.0.dylib */,
				81FFBE1D1D05222700530947 /* highscores.db */,
				81A4C81B1CFE73CE007D4C3C /* easyseq.txt */,
				81A4C81C1CFE73CE007D4C3C /* hardseq.txt */,
				81A4C81D1CFE73CE007D4C3C /* mediumseq.txt */,
				81A4C8011CFBBE63007D4C3C /* hardmath.txt */,
				81A4C8021CFBBE63007D4C3C /* mediummath.txt */,
				81AA26621CF4B3D7001DE1D0 /* easymath.txt */,
				81A89F0F1CEB995600B2838A /* TraderMathTestiOS */,
				81A89F251CEB995600B2838A /* TraderMathTestiOSTests */,
				81A89F0E1CEB995600B2838A /* Products */,
			);
			sourceTree = "<group>";
		};
		81A89F0E1CEB995600B2838A /* Products */ = {
			isa = PBXGroup;
			children = (
				81A89F0D1CEB995600B2838A /* TraderMathTestiOS.app */,
				81A89F221CEB995600B2838A /* TraderMathTestiOSTests.xctest */,
			);
			name = Products;
			sourceTree = "<group>";
		};
		81A89F0F1CEB995600B2838A /* TraderMathTestiOS */ = {
			isa = PBXGroup;
			children = (
				81A4C8421CFF427C007D4C3C /* DLRadioButton.h */,
				81A4C8431CFF427C007D4C3C /* DLRadioButton.m */,
				81A4C8251CFEB2BF007D4C3C /* JLToast.h */,
				81A4C8261CFEB2BF007D4C3C /* JLToast.swift */,
				81A4C8271CFEB2BF007D4C3C /* JLToastCenter.swift */,
				81A4C8281CFEB2BF007D4C3C /* JLToastView.swift */,
				81A4C8101CFDE4AD007D4C3C /* Bridging-Header.h */,
				81A4C8111CFDE4AD007D4C3C /* SQLiteDB.swift */,
				81A4C8121CFDE4AD007D4C3C /* String-Extras.swift */,
				81A89F121CEB995600B2838A /* AppDelegate.swift */,
				81A89F141CEB995600B2838A /* ViewController.swift */,
				81AA26671CF4DFC2001DE1D0 /* Countdown.swift */,
				81A89F161CEB995600B2838A /* Main.storyboard */,
				81AA522C1CF5ED820078D58B /* Question.swift */,
				81AA26691CF4E4B6001DE1D0 /* MathTest.swift */,
				81AA26651CF4DF7E001DE1D0 /* PracticeOrTest.swift */,
				81A89F191CEB995600B2838A /* Images.xcassets */,
				81A89F101CEB995600B2838A /* Supporting Files */,
				818520651CF3EB4900063BFC /* Settings.swift */,
				818520671CF3ED3C00063BFC /* Info.swift */,
				818B534E1CF6CC350085346A /* FinishTest.swift */,
				819347C91D022033002EA835 /* TableViewCell.swift */,
			);
			path = TraderMathTestiOS;
			sourceTree = "<group>";
		};
		81A89F101CEB995600B2838A /* Supporting Files */ = {
			isa = PBXGroup;
			children = (
				81A89F111CEB995600B2838A /* Info.plist */,
			);
			name = "Supporting Files";
			sourceTree = "<group>";
		};
		81A89F251CEB995600B2838A /* TraderMathTestiOSTests */ = {
			isa = PBXGroup;
			children = (
				81A89F281CEB995600B2838A /* TraderMathTestiOSTests.swift */,
				81A89F261CEB995600B2838A /* Supporting Files */,
			);
			path = TraderMathTestiOSTests;
			sourceTree = "<group>";
		};
		81A89F261CEB995600B2838A /* Supporting Files */ = {
			isa = PBXGroup;
			children = (
				81A89F271CEB995600B2838A /* Info.plist */,
			);
			name = "Supporting Files";
			sourceTree = "<group>";
		};
/* End PBXGroup section */

/* Begin PBXNativeTarget section */
		81A89F0C1CEB995600B2838A /* TraderMathTestiOS */ = {
			isa = PBXNativeTarget;
			buildConfigurationList = 81A89F2C1CEB995600B2838A /* Build configuration list for PBXNativeTarget "TraderMathTestiOS" */;
			buildPhases = (
				81A89F091CEB995600B2838A /* Sources */,
				81A89F0A1CEB995600B2838A /* Frameworks */,
				81A89F0B1CEB995600B2838A /* Resources */,
				81A4C84D1CFF7B20007D4C3C /* Embed Frameworks */,
			);
			buildRules = (
			);
			dependencies = (
			);
			name = TraderMathTestiOS;
			productName = TraderMathTestiOS;
			productReference = 81A89F0D1CEB995600B2838A /* TraderMathTestiOS.app */;
			productType = "com.apple.product-type.application";
		};
		81A89F211CEB995600B2838A /* TraderMathTestiOSTests */ = {
			isa = PBXNativeTarget;
			buildConfigurationList = 81A89F2F1CEB995600B2838A /* Build configuration list for PBXNativeTarget "TraderMathTestiOSTests" */;
			buildPhases = (
				81A89F1E1CEB995600B2838A /* Sources */,
				81A89F1F1CEB995600B2838A /* Frameworks */,
				81A89F201CEB995600B2838A /* Resources */,
			);
			buildRules = (
			);
			dependencies = (
				81A89F241CEB995600B2838A /* PBXTargetDependency */,
			);
			name = TraderMathTestiOSTests;
			productName = TraderMathTestiOSTests;
			productReference = 81A89F221CEB995600B2838A /* TraderMathTestiOSTests.xctest */;
			productType = "com.apple.product-type.bundle.unit-test";
		};
/* End PBXNativeTarget section */

/* Begin PBXProject section */
		81A89F051CEB995600B2838A /* Project object */ = {
			isa = PBXProject;
			attributes = {
				LastUpgradeCheck = 0640;
				ORGANIZATIONNAME = "Gamelap Studios";
				TargetAttributes = {
					81A89F0C1CEB995600B2838A = {
						CreatedOnToolsVersion = 6.4;
					};
					81A89F211CEB995600B2838A = {
						CreatedOnToolsVersion = 6.4;
						TestTargetID = 81A89F0C1CEB995600B2838A;
					};
				};
			};
			buildConfigurationList = 81A89F081CEB995600B2838A /* Build configuration list for PBXProject "TraderMathTestiOS" */;
			compatibilityVersion = "Xcode 3.2";
			developmentRegion = English;
			hasScannedForEncodings = 0;
			knownRegions = (
				en,
				Base,
			);
			mainGroup = 81A89F041CEB995600B2838A;
			productRefGroup = 81A89F0E1CEB995600B2838A /* Products */;
			projectDirPath = "";
			projectRoot = "";
			targets = (
				81A89F0C1CEB995600B2838A /* TraderMathTestiOS */,
				81A89F211CEB995600B2838A /* TraderMathTestiOSTests */,
			);
		};
/* End PBXProject section */

/* Begin PBXResourcesBuildPhase section */
		81A89F0B1CEB995600B2838A /* Resources */ = {
			isa = PBXResourcesBuildPhase;
			buildActionMask = 2147483647;
			files = (
				81A89F181CEB995600B2838A /* Main.storyboard in Resources */,
				81A4C81F1CFE73CE007D4C3C /* hardseq.txt in Resources */,
				81A89F1A1CEB995600B2838A /* Images.xcassets in Resources */,
				81A4C8201CFE73CE007D4C3C /* mediumseq.txt in Resources */,
				81AA26631CF4B3D7001DE1D0 /* easymath.txt in Resources */,
				81A4C8041CFBBE63007D4C3C /* mediummath.txt in Resources */,
				81FFBE1E1D05222700530947 /* highscores.db in Resources */,
				81A4C81E1CFE73CE007D4C3C /* easyseq.txt in Resources */,
				81A4C8031CFBBE63007D4C3C /* hardmath.txt in Resources */,
			);
			runOnlyForDeploymentPostprocessing = 0;
		};
		81A89F201CEB995600B2838A /* Resources */ = {
			isa = PBXResourcesBuildPhase;
			buildActionMask = 2147483647;
			files = (
			);
			runOnlyForDeploymentPostprocessing = 0;
		};
/* End PBXResourcesBuildPhase section */

/* Begin PBXSourcesBuildPhase section */
		81A89F091CEB995600B2838A /* Sources */ = {
			isa = PBXSourcesBuildPhase;
			buildActionMask = 2147483647;
			files = (
				818B534F1CF6CC350085346A /* FinishTest.swift in Sources */,
				819347CA1D022033002EA835 /* TableViewCell.swift in Sources */,
				81A4C8441CFF427D007D4C3C /* DLRadioButton.m in Sources */,
				81AA26661CF4DF7E001DE1D0 /* PracticeOrTest.swift in Sources */,
				81AA522D1CF5ED820078D58B /* Question.swift in Sources */,
				818520661CF3EB4900063BFC /* Settings.swift in Sources */,
				818520681CF3ED3C00063BFC /* Info.swift in Sources */,
				81A4C8291CFEB2BF007D4C3C /* JLToast.swift in Sources */,
				81A89F151CEB995600B2838A /* ViewController.swift in Sources */,
				81A89F131CEB995600B2838A /* AppDelegate.swift in Sources */,
				81A4C82B1CFEB2BF007D4C3C /* JLToastView.swift in Sources */,
				81A4C82A1CFEB2BF007D4C3C /* JLToastCenter.swift in Sources */,
				81A4C8131CFDE4AD007D4C3C /* SQLiteDB.swift in Sources */,
				81AA266A1CF4E4B6001DE1D0 /* MathTest.swift in Sources */,
				81AA26681CF4DFC2001DE1D0 /* Countdown.swift in Sources */,
				81A4C8141CFDE4AD007D4C3C /* String-Extras.swift in Sources */,
			);
			runOnlyForDeploymentPostprocessing = 0;
		};
		81A89F1E1CEB995600B2838A /* Sources */ = {
			isa = PBXSourcesBuildPhase;
			buildActionMask = 2147483647;
			files = (
				81A89F291CEB995600B2838A /* TraderMathTestiOSTests.swift in Sources */,
			);
			runOnlyForDeploymentPostprocessing = 0;
		};
/* End PBXSourcesBuildPhase section */

/* Begin PBXTargetDependency section */
		81A89F241CEB995600B2838A /* PBXTargetDependency */ = {
			isa = PBXTargetDependency;
			target = 81A89F0C1CEB995600B2838A /* TraderMathTestiOS */;
			targetProxy = 81A89F231CEB995600B2838A /* PBXContainerItemProxy */;
		};
/* End PBXTargetDependency section */

/* Begin PBXVariantGroup section */
		81A89F161CEB995600B2838A /* Main.storyboard */ = {
			isa = PBXVariantGroup;
			children = (
				81A89F171CEB995600B2838A /* Base */,
			);
			name = Main.storyboard;
			sourceTree = "<group>";
		};
/* End PBXVariantGroup section */

/* Begin XCBuildConfiguration section */
		81A89F2A1CEB995600B2838A /* Debug */ = {
			isa = XCBuildConfiguration;
			buildSettings = {
				ALWAYS_SEARCH_USER_PATHS = NO;
				CLANG_CXX_LANGUAGE_STANDARD = "gnu++0x";
				CLANG_CXX_LIBRARY = "libc++";
				CLANG_ENABLE_MODULES = YES;
				CLANG_ENABLE_OBJC_ARC = YES;
				CLANG_WARN_BOOL_CONVERSION = YES;
				CLANG_WARN_CONSTANT_CONVERSION = YES;
				CLANG_WARN_DIRECT_OBJC_ISA_USAGE = YES_ERROR;
				CLANG_WARN_EMPTY_BODY = YES;
				CLANG_WARN_ENUM_CONVERSION = YES;
				CLANG_WARN_INT_CONVERSION = YES;
				CLANG_WARN_OBJC_ROOT_CLASS = YES_ERROR;
				CLANG_WARN_UNREACHABLE_CODE = YES;
				CLANG_WARN__DUPLICATE_METHOD_MATCH = YES;
				"CODE_SIGN_IDENTITY[sdk=iphoneos*]" = "iPhone Developer";
				COPY_PHASE_STRIP = NO;
				DEBUG_INFORMATION_FORMAT = "dwarf-with-dsym";
				ENABLE_STRICT_OBJC_MSGSEND = YES;
				GCC_C_LANGUAGE_STANDARD = gnu99;
				GCC_DYNAMIC_NO_PIC = NO;
				GCC_NO_COMMON_BLOCKS = YES;
				GCC_OPTIMIZATION_LEVEL = 0;
				GCC_PREPROCESSOR_DEFINITIONS = (
					"DEBUG=1",
					"$(inherited)",
				);
				GCC_SYMBOLS_PRIVATE_EXTERN = NO;
				GCC_WARN_64_TO_32_BIT_CONVERSION = YES;
				GCC_WARN_ABOUT_RETURN_TYPE = YES_ERROR;
				GCC_WARN_UNDECLARED_SELECTOR = YES;
				GCC_WARN_UNINITIALIZED_AUTOS = YES_AGGRESSIVE;
				GCC_WARN_UNUSED_FUNCTION = YES;
				GCC_WARN_UNUSED_VARIABLE = YES;
				IPHONEOS_DEPLOYMENT_TARGET = 8.4;
				MTL_ENABLE_DEBUG_INFO = YES;
				ONLY_ACTIVE_ARCH = YES;
				SDKROOT = iphoneos;
				SWIFT_OPTIMIZATION_LEVEL = "-Onone";
				TARGETED_DEVICE_FAMILY = "1,2";
			};
			name = Debug;
		};
		81A89F2B1CEB995600B2838A /* Release */ = {
			isa = XCBuildConfiguration;
			buildSettings = {
				ALWAYS_SEARCH_USER_PATHS = NO;
				CLANG_CXX_LANGUAGE_STANDARD = "gnu++0x";
				CLANG_CXX_LIBRARY = "libc++";
				CLANG_ENABLE_MODULES = YES;
				CLANG_ENABLE_OBJC_ARC = YES;
				CLANG_WARN_BOOL_CONVERSION = YES;
				CLANG_WARN_CONSTANT_CONVERSION = YES;
				CLANG_WARN_DIRECT_OBJC_ISA_USAGE = YES_ERROR;
				CLANG_WARN_EMPTY_BODY = YES;
				CLANG_WARN_ENUM_CONVERSION = YES;
				CLANG_WARN_INT_CONVERSION = YES;
				CLANG_WARN_OBJC_ROOT_CLASS = YES_ERROR;
				CLANG_WARN_UNREACHABLE_CODE = YES;
				CLANG_WARN__DUPLICATE_METHOD_MATCH = YES;
				"CODE_SIGN_IDENTITY[sdk=iphoneos*]" = "iPhone Developer";
				COPY_PHASE_STRIP = NO;
				DEBUG_INFORMATION_FORMAT = "dwarf-with-dsym";
				ENABLE_NS_ASSERTIONS = NO;
				ENABLE_STRICT_OBJC_MSGSEND = YES;
				GCC_C_LANGUAGE_STANDARD = gnu99;
				GCC_NO_COMMON_BLOCKS = YES;
				GCC_WARN_64_TO_32_BIT_CONVERSION = YES;
				GCC_WARN_ABOUT_RETURN_TYPE = YES_ERROR;
				GCC_WARN_UNDECLARED_SELECTOR = YES;
				GCC_WARN_UNINITIALIZED_AUTOS = YES_AGGRESSIVE;
				GCC_WARN_UNUSED_FUNCTION = YES;
				GCC_WARN_UNUSED_VARIABLE = YES;
				IPHONEOS_DEPLOYMENT_TARGET = 8.4;
				MTL_ENABLE_DEBUG_INFO = NO;
				SDKROOT = iphoneos;
				TARGETED_DEVICE_FAMILY = "1,2";
				VALIDATE_PRODUCT = YES;
			};
			name = Release;
		};
		81A89F2D1CEB995600B2838A /* Debug */ = {
			isa = XCBuildConfiguration;
			buildSettings = {
				ASSETCATALOG_COMPILER_APPICON_NAME = AppIcon;
				ASSETCATALOG_COMPILER_LAUNCHIMAGE_NAME = LaunchImage;
				CONFIGURATION_BUILD_DIR = "$(BUILD_DIR)/$(CONFIGURATION)$(EFFECTIVE_PLATFORM_NAME)";
				FRAMEWORK_SEARCH_PATHS = (
					"$(inherited)",
					"$(PROJECT_DIR)",
				);
				INFOPLIST_FILE = TraderMathTestiOS/Info.plist;
				LD_RUNPATH_SEARCH_PATHS = "$(inherited) @executable_path/Frameworks @loader_path/Frameworks $(CONFIGURATION_BUILD_DIR)";
				PRODUCT_NAME = TraderMathTestiOS;
				SWIFT_OBJC_BRIDGING_HEADER = "/Users/MilapNaik/iOSApps/TraderMathTestiOS/TraderMathTestiOS/Bridging-Header.h";
			};
			name = Debug;
		};
		81A89F2E1CEB995600B2838A /* Release */ = {
			isa = XCBuildConfiguration;
			buildSettings = {
				ASSETCATALOG_COMPILER_APPICON_NAME = AppIcon;
				ASSETCATALOG_COMPILER_LAUNCHIMAGE_NAME = LaunchImage;
				CONFIGURATION_BUILD_DIR = "$(BUILD_DIR)/$(CONFIGURATION)$(EFFECTIVE_PLATFORM_NAME)";
				FRAMEWORK_SEARCH_PATHS = (
					"$(inherited)",
					"$(PROJECT_DIR)",
				);
				INFOPLIST_FILE = TraderMathTestiOS/Info.plist;
				LD_RUNPATH_SEARCH_PATHS = "$(inherited) @executable_path/Frameworks @loader_path/Frameworks $(CONFIGURATION_BUILD_DIR)";
				PRODUCT_NAME = TraderMathTestiOS;
				SWIFT_OBJC_BRIDGING_HEADER = "/Users/MilapNaik/iOSApps/TraderMathTestiOS/TraderMathTestiOS/Bridging-Header.h";
			};
			name = Release;
		};
		81A89F301CEB995600B2838A /* Debug */ = {
			isa = XCBuildConfiguration;
			buildSettings = {
				BUNDLE_LOADER = "$(TEST_HOST)";
				FRAMEWORK_SEARCH_PATHS = (
					"$(SDKROOT)/Developer/Library/Frameworks",
					"$(inherited)",
				);
				GCC_PREPROCESSOR_DEFINITIONS = (
					"DEBUG=1",
					"$(inherited)",
				);
				INFOPLIST_FILE = TraderMathTestiOSTests/Info.plist;
				LD_RUNPATH_SEARCH_PATHS = "$(inherited) @executable_path/Frameworks @loader_path/Frameworks";
				PRODUCT_NAME = TraderMathTestiOSTests;
				TEST_HOST = "$(BUILT_PRODUCTS_DIR)/TraderMathTestiOS.app/TraderMathTestiOS";
			};
			name = Debug;
		};
		81A89F311CEB995600B2838A /* Release */ = {
			isa = XCBuildConfiguration;
			buildSettings = {
				BUNDLE_LOADER = "$(TEST_HOST)";
				FRAMEWORK_SEARCH_PATHS = (
					"$(SDKROOT)/Developer/Library/Frameworks",
					"$(inherited)",
				);
				INFOPLIST_FILE = TraderMathTestiOSTests/Info.plist;
				LD_RUNPATH_SEARCH_PATHS = "$(inherited) @executable_path/Frameworks @loader_path/Frameworks";
				PRODUCT_NAME = TraderMathTestiOSTests;
				TEST_HOST = "$(BUILT_PRODUCTS_DIR)/TraderMathTestiOS.app/TraderMathTestiOS";
			};
			name = Release;
		};
/* End XCBuildConfiguration section */

/* Begin XCConfigurationList section */
		81A89F081CEB995600B2838A /* Build configuration list for PBXProject "TraderMathTestiOS" */ = {
			isa = XCConfigurationList;
			buildConfigurations = (
				81A89F2A1CEB995600B2838A /* Debug */,
				81A89F2B1CEB995600B2838A /* Release */,
			);
			defaultConfigurationIsVisible = 0;
			defaultConfigurationName = Release;
		};
		81A89F2C1CEB995600B2838A /* Build configuration list for PBXNativeTarget "TraderMathTestiOS" */ = {
			isa = XCConfigurationList;
			buildConfigurations = (
				81A89F2D1CEB995600B2838A /* Debug */,
				81A89F2E1CEB995600B2838A /* Release */,
			);
			defaultConfigurationIsVisible = 0;
			defaultConfigurationName = Release;
		};
		81A89F2F1CEB995600B2838A /* Build configuration list for PBXNativeTarget "TraderMathTestiOSTests" */ = {
			isa = XCConfigurationList;
			buildConfigurations = (
				81A89F301CEB995600B2838A /* Debug */,
				81A89F311CEB995600B2838A /* Release */,
			);
			defaultConfigurationIsVisible = 0;
			defaultConfigurationName = Release;
		};
/* End XCConfigurationList section */
	};
	rootObject = 81A89F051CEB995600B2838A /* Project object */;
}
